
Microsoft Visual Studio Solution File, Format Version 12.00
# Visual Studio Version 17
VisualStudioVersion = 17.0.32014.148
MinimumVisualStudioVersion = 10.0.40219.1
Project("{8BC9CEB8-8B4A-11D0-8D11-00A0C91BC942}") = "SC2018CUP_RETRO", "SC2018CUP\SC2018CUP.vcxproj", "{CF502F4E-6145-423A-A0CB-922F7D0F3CC8}"
EndProject
Project("{8BC9CEB8-8B4A-11D0-8D11-00A0C91BC942}") = "NR2019CUP", "NR2019CUP\NR2019CUP.vcxproj", "{F41C2642-5DBD-4426-83A0-251AF59CCF97}"
EndProject
Project("{8BC9CEB8-8B4A-11D0-8D11-00A0C91BC942}") = "F1_2023", "F1_2023\F1_2023.vcxproj", "{3E289774-F8A1-42E0-8341-563185EA8556}"
EndProject
Project("{2150E333-8FDC-42A3-9474-1A3956D46DE8}") = "Solution Items", "Solution Items", "{C13F6130-D3EE-4C50-B0E8-34B312E1E6B3}"
	ProjectSection(SolutionItems) = preProject
		.gitignore = .gitignore
		version.bat = version.bat
	EndProjectSection
EndProject
Project("{8BC9CEB8-8B4A-11D0-8D11-00A0C91BC942}") = "SC2020TS", "SC2020TS\SC2020TS.vcxproj", "{EE7F1037-F9A1-4C25-A7A7-5C487309140E}"
EndProject
Project("{8BC9CEB8-8B4A-11D0-8D11-00A0C91BC942}") = "SCNG2023", "SCNG2023\SCNG2023.vcxproj", "{82C8E347-68F2-4B05-B47F-FE5BE181385F}"
EndProject
Project("{8BC9CEB8-8B4A-11D0-8D11-00A0C91BC942}") = "ASMG_FH25", "ASMG_FH25\ASMG_FH25.vcxproj", "{1CF0309E-9107-4AAD-BFAA-58081BAEC6E3}"
EndProject
Global
	GlobalSection(SolutionConfigurationPlatforms) = preSolution
		Debug|ARM = Debug|ARM
		Debug|ARM64 = Debug|ARM64
		Debug|Win32 = Debug|Win32
		Debug|x64 = Debug|x64
		Debug|x86 = Debug|x86
		RCD|ARM = RCD|ARM
		RCD|ARM64 = RCD|ARM64
		RCD|Win32 = RCD|Win32
		RCD|x64 = RCD|x64
		RCD|x86 = RCD|x86
		Release|ARM = Release|ARM
		Release|ARM64 = Release|ARM64
		Release|Win32 = Release|Win32
		Release|x64 = Release|x64
		Release|x86 = Release|x86
		RFM|ARM = RFM|ARM
		RFM|ARM64 = RFM|ARM64
		RFM|Win32 = RFM|Win32
		RFM|x64 = RFM|x64
		RFM|x86 = RFM|x86
	EndGlobalSection
	GlobalSection(ProjectConfigurationPlatforms) = postSolution
		{CF502F4E-6145-423A-A0CB-922F7D0F3CC8}.Debug|ARM.ActiveCfg = Debug|ARM
		{CF502F4E-6145-423A-A0CB-922F7D0F3CC8}.Debug|ARM.Build.0 = Debug|ARM
		{CF502F4E-6145-423A-A0CB-922F7D0F3CC8}.Debug|ARM.Deploy.0 = Debug|ARM
		{CF502F4E-6145-423A-A0CB-922F7D0F3CC8}.Debug|ARM64.ActiveCfg = Debug|ARM64
		{CF502F4E-6145-423A-A0CB-922F7D0F3CC8}.Debug|ARM64.Build.0 = Debug|ARM64
		{CF502F4E-6145-423A-A0CB-922F7D0F3CC8}.Debug|ARM64.Deploy.0 = Debug|ARM64
		{CF502F4E-6145-423A-A0CB-922F7D0F3CC8}.Debug|Win32.ActiveCfg = Debug|x86
		{CF502F4E-6145-423A-A0CB-922F7D0F3CC8}.Debug|Win32.Build.0 = Debug|x86
		{CF502F4E-6145-423A-A0CB-922F7D0F3CC8}.Debug|Win32.Deploy.0 = Debug|x86
		{CF502F4E-6145-423A-A0CB-922F7D0F3CC8}.Debug|x64.ActiveCfg = Debug|x64
		{CF502F4E-6145-423A-A0CB-922F7D0F3CC8}.Debug|x64.Build.0 = Debug|x64
		{CF502F4E-6145-423A-A0CB-922F7D0F3CC8}.Debug|x64.Deploy.0 = Debug|x64
		{CF502F4E-6145-423A-A0CB-922F7D0F3CC8}.Debug|x86.ActiveCfg = Debug|x86
		{CF502F4E-6145-423A-A0CB-922F7D0F3CC8}.Debug|x86.Build.0 = Debug|x86
		{CF502F4E-6145-423A-A0CB-922F7D0F3CC8}.Debug|x86.Deploy.0 = Debug|x86
		{CF502F4E-6145-423A-A0CB-922F7D0F3CC8}.RCD|ARM.ActiveCfg = Release|ARM
		{CF502F4E-6145-423A-A0CB-922F7D0F3CC8}.RCD|ARM.Build.0 = Release|ARM
		{CF502F4E-6145-423A-A0CB-922F7D0F3CC8}.RCD|ARM.Deploy.0 = Release|ARM
		{CF502F4E-6145-423A-A0CB-922F7D0F3CC8}.RCD|ARM64.ActiveCfg = Release|ARM64
		{CF502F4E-6145-423A-A0CB-922F7D0F3CC8}.RCD|ARM64.Build.0 = Release|ARM64
		{CF502F4E-6145-423A-A0CB-922F7D0F3CC8}.RCD|ARM64.Deploy.0 = Release|ARM64
		{CF502F4E-6145-423A-A0CB-922F7D0F3CC8}.RCD|Win32.ActiveCfg = Release|x86
		{CF502F4E-6145-423A-A0CB-922F7D0F3CC8}.RCD|Win32.Build.0 = Release|x86
		{CF502F4E-6145-423A-A0CB-922F7D0F3CC8}.RCD|Win32.Deploy.0 = Release|x86
		{CF502F4E-6145-423A-A0CB-922F7D0F3CC8}.RCD|x64.ActiveCfg = Release|x64
		{CF502F4E-6145-423A-A0CB-922F7D0F3CC8}.RCD|x64.Build.0 = Release|x64
		{CF502F4E-6145-423A-A0CB-922F7D0F3CC8}.RCD|x64.Deploy.0 = Release|x64
		{CF502F4E-6145-423A-A0CB-922F7D0F3CC8}.RCD|x86.ActiveCfg = Release|x86
		{CF502F4E-6145-423A-A0CB-922F7D0F3CC8}.RCD|x86.Build.0 = Release|x86
		{CF502F4E-6145-423A-A0CB-922F7D0F3CC8}.RCD|x86.Deploy.0 = Release|x86
		{CF502F4E-6145-423A-A0CB-922F7D0F3CC8}.Release|ARM.ActiveCfg = Release|ARM
		{CF502F4E-6145-423A-A0CB-922F7D0F3CC8}.Release|ARM.Build.0 = Release|ARM
		{CF502F4E-6145-423A-A0CB-922F7D0F3CC8}.Release|ARM.Deploy.0 = Release|ARM
		{CF502F4E-6145-423A-A0CB-922F7D0F3CC8}.Release|ARM64.ActiveCfg = Release|ARM64
		{CF502F4E-6145-423A-A0CB-922F7D0F3CC8}.Release|ARM64.Build.0 = Release|ARM64
		{CF502F4E-6145-423A-A0CB-922F7D0F3CC8}.Release|ARM64.Deploy.0 = Release|ARM64
		{CF502F4E-6145-423A-A0CB-922F7D0F3CC8}.Release|Win32.ActiveCfg = Release|x86
		{CF502F4E-6145-423A-A0CB-922F7D0F3CC8}.Release|Win32.Build.0 = Release|x86
		{CF502F4E-6145-423A-A0CB-922F7D0F3CC8}.Release|Win32.Deploy.0 = Release|x86
		{CF502F4E-6145-423A-A0CB-922F7D0F3CC8}.Release|x64.ActiveCfg = Release|x64
		{CF502F4E-6145-423A-A0CB-922F7D0F3CC8}.Release|x64.Build.0 = Release|x64
		{CF502F4E-6145-423A-A0CB-922F7D0F3CC8}.Release|x64.Deploy.0 = Release|x64
		{CF502F4E-6145-423A-A0CB-922F7D0F3CC8}.Release|x86.ActiveCfg = Release|x86
		{CF502F4E-6145-423A-A0CB-922F7D0F3CC8}.Release|x86.Build.0 = Release|x86
		{CF502F4E-6145-423A-A0CB-922F7D0F3CC8}.Release|x86.Deploy.0 = Release|x86
		{CF502F4E-6145-423A-A0CB-922F7D0F3CC8}.RFM|ARM.ActiveCfg = Release|ARM
		{CF502F4E-6145-423A-A0CB-922F7D0F3CC8}.RFM|ARM.Build.0 = Release|ARM
		{CF502F4E-6145-423A-A0CB-922F7D0F3CC8}.RFM|ARM.Deploy.0 = Release|ARM
		{CF502F4E-6145-423A-A0CB-922F7D0F3CC8}.RFM|ARM64.ActiveCfg = Release|ARM64
		{CF502F4E-6145-423A-A0CB-922F7D0F3CC8}.RFM|ARM64.Build.0 = Release|ARM64
		{CF502F4E-6145-423A-A0CB-922F7D0F3CC8}.RFM|ARM64.Deploy.0 = Release|ARM64
		{CF502F4E-6145-423A-A0CB-922F7D0F3CC8}.RFM|Win32.ActiveCfg = Release|x86
		{CF502F4E-6145-423A-A0CB-922F7D0F3CC8}.RFM|Win32.Build.0 = Release|x86
		{CF502F4E-6145-423A-A0CB-922F7D0F3CC8}.RFM|Win32.Deploy.0 = Release|x86
		{CF502F4E-6145-423A-A0CB-922F7D0F3CC8}.RFM|x64.ActiveCfg = Release|x64
		{CF502F4E-6145-423A-A0CB-922F7D0F3CC8}.RFM|x64.Build.0 = Release|x64
		{CF502F4E-6145-423A-A0CB-922F7D0F3CC8}.RFM|x86.ActiveCfg = Release|x86
		{CF502F4E-6145-423A-A0CB-922F7D0F3CC8}.RFM|x86.Build.0 = Release|x86
		{CF502F4E-6145-423A-A0CB-922F7D0F3CC8}.RFM|x86.Deploy.0 = Release|x86
		{F41C2642-5DBD-4426-83A0-251AF59CCF97}.Debug|ARM.ActiveCfg = Debug|ARM
		{F41C2642-5DBD-4426-83A0-251AF59CCF97}.Debug|ARM.Build.0 = Debug|ARM
		{F41C2642-5DBD-4426-83A0-251AF59CCF97}.Debug|ARM.Deploy.0 = Debug|ARM
		{F41C2642-5DBD-4426-83A0-251AF59CCF97}.Debug|ARM64.ActiveCfg = Debug|ARM64
		{F41C2642-5DBD-4426-83A0-251AF59CCF97}.Debug|ARM64.Build.0 = Debug|ARM64
		{F41C2642-5DBD-4426-83A0-251AF59CCF97}.Debug|ARM64.Deploy.0 = Debug|ARM64
		{F41C2642-5DBD-4426-83A0-251AF59CCF97}.Debug|Win32.ActiveCfg = Debug|x86
		{F41C2642-5DBD-4426-83A0-251AF59CCF97}.Debug|Win32.Build.0 = Debug|x86
		{F41C2642-5DBD-4426-83A0-251AF59CCF97}.Debug|Win32.Deploy.0 = Debug|x86
		{F41C2642-5DBD-4426-83A0-251AF59CCF97}.Debug|x64.ActiveCfg = Debug|x64
		{F41C2642-5DBD-4426-83A0-251AF59CCF97}.Debug|x64.Build.0 = Debug|x64
		{F41C2642-5DBD-4426-83A0-251AF59CCF97}.Debug|x64.Deploy.0 = Debug|x64
		{F41C2642-5DBD-4426-83A0-251AF59CCF97}.Debug|x86.ActiveCfg = Debug|x86
		{F41C2642-5DBD-4426-83A0-251AF59CCF97}.Debug|x86.Build.0 = Debug|x86
		{F41C2642-5DBD-4426-83A0-251AF59CCF97}.Debug|x86.Deploy.0 = Debug|x86
		{F41C2642-5DBD-4426-83A0-251AF59CCF97}.RCD|ARM.ActiveCfg = Release|ARM
		{F41C2642-5DBD-4426-83A0-251AF59CCF97}.RCD|ARM.Build.0 = Release|ARM
		{F41C2642-5DBD-4426-83A0-251AF59CCF97}.RCD|ARM.Deploy.0 = Release|ARM
		{F41C2642-5DBD-4426-83A0-251AF59CCF97}.RCD|ARM64.ActiveCfg = Release|ARM64
		{F41C2642-5DBD-4426-83A0-251AF59CCF97}.RCD|ARM64.Build.0 = Release|ARM64
		{F41C2642-5DBD-4426-83A0-251AF59CCF97}.RCD|ARM64.Deploy.0 = Release|ARM64
		{F41C2642-5DBD-4426-83A0-251AF59CCF97}.RCD|Win32.ActiveCfg = Release|x86
		{F41C2642-5DBD-4426-83A0-251AF59CCF97}.RCD|Win32.Build.0 = Release|x86
		{F41C2642-5DBD-4426-83A0-251AF59CCF97}.RCD|Win32.Deploy.0 = Release|x86
		{F41C2642-5DBD-4426-83A0-251AF59CCF97}.RCD|x64.ActiveCfg = Release|x64
		{F41C2642-5DBD-4426-83A0-251AF59CCF97}.RCD|x64.Build.0 = Release|x64
		{F41C2642-5DBD-4426-83A0-251AF59CCF97}.RCD|x64.Deploy.0 = Release|x64
		{F41C2642-5DBD-4426-83A0-251AF59CCF97}.RCD|x86.ActiveCfg = Release|x86
		{F41C2642-5DBD-4426-83A0-251AF59CCF97}.RCD|x86.Build.0 = Release|x86
		{F41C2642-5DBD-4426-83A0-251AF59CCF97}.RCD|x86.Deploy.0 = Release|x86
		{F41C2642-5DBD-4426-83A0-251AF59CCF97}.Release|ARM.ActiveCfg = Release|ARM
		{F41C2642-5DBD-4426-83A0-251AF59CCF97}.Release|ARM.Build.0 = Release|ARM
		{F41C2642-5DBD-4426-83A0-251AF59CCF97}.Release|ARM.Deploy.0 = Release|ARM
		{F41C2642-5DBD-4426-83A0-251AF59CCF97}.Release|ARM64.ActiveCfg = Release|ARM64
		{F41C2642-5DBD-4426-83A0-251AF59CCF97}.Release|ARM64.Build.0 = Release|ARM64
		{F41C2642-5DBD-4426-83A0-251AF59CCF97}.Release|ARM64.Deploy.0 = Release|ARM64
		{F41C2642-5DBD-4426-83A0-251AF59CCF97}.Release|Win32.ActiveCfg = Release|x86
		{F41C2642-5DBD-4426-83A0-251AF59CCF97}.Release|Win32.Build.0 = Release|x86
		{F41C2642-5DBD-4426-83A0-251AF59CCF97}.Release|Win32.Deploy.0 = Release|x86
		{F41C2642-5DBD-4426-83A0-251AF59CCF97}.Release|x64.ActiveCfg = Release|x64
		{F41C2642-5DBD-4426-83A0-251AF59CCF97}.Release|x64.Build.0 = Release|x64
		{F41C2642-5DBD-4426-83A0-251AF59CCF97}.Release|x64.Deploy.0 = Release|x64
		{F41C2642-5DBD-4426-83A0-251AF59CCF97}.Release|x86.ActiveCfg = Release|x86
		{F41C2642-5DBD-4426-83A0-251AF59CCF97}.Release|x86.Build.0 = Release|x86
		{F41C2642-5DBD-4426-83A0-251AF59CCF97}.Release|x86.Deploy.0 = Release|x86
		{F41C2642-5DBD-4426-83A0-251AF59CCF97}.RFM|ARM.ActiveCfg = Release|ARM
		{F41C2642-5DBD-4426-83A0-251AF59CCF97}.RFM|ARM.Build.0 = Release|ARM
		{F41C2642-5DBD-4426-83A0-251AF59CCF97}.RFM|ARM.Deploy.0 = Release|ARM
		{F41C2642-5DBD-4426-83A0-251AF59CCF97}.RFM|ARM64.ActiveCfg = Release|ARM64
		{F41C2642-5DBD-4426-83A0-251AF59CCF97}.RFM|ARM64.Build.0 = Release|ARM64
		{F41C2642-5DBD-4426-83A0-251AF59CCF97}.RFM|ARM64.Deploy.0 = Release|ARM64
		{F41C2642-5DBD-4426-83A0-251AF59CCF97}.RFM|Win32.ActiveCfg = Release|x86
		{F41C2642-5DBD-4426-83A0-251AF59CCF97}.RFM|Win32.Build.0 = Release|x86
		{F41C2642-5DBD-4426-83A0-251AF59CCF97}.RFM|Win32.Deploy.0 = Release|x86
		{F41C2642-5DBD-4426-83A0-251AF59CCF97}.RFM|x64.ActiveCfg = Release|x64
		{F41C2642-5DBD-4426-83A0-251AF59CCF97}.RFM|x64.Build.0 = Release|x64
		{F41C2642-5DBD-4426-83A0-251AF59CCF97}.RFM|x86.ActiveCfg = Release|x86
		{F41C2642-5DBD-4426-83A0-251AF59CCF97}.RFM|x86.Build.0 = Release|x86
		{F41C2642-5DBD-4426-83A0-251AF59CCF97}.RFM|x86.Deploy.0 = Release|x86
		{3E289774-F8A1-42E0-8341-563185EA8556}.Debug|ARM.ActiveCfg = Debug|x64
		{3E289774-F8A1-42E0-8341-563185EA8556}.Debug|ARM.Build.0 = Debug|x64
		{3E289774-F8A1-42E0-8341-563185EA8556}.Debug|ARM64.ActiveCfg = Debug|x64
		{3E289774-F8A1-42E0-8341-563185EA8556}.Debug|ARM64.Build.0 = Debug|x64
		{3E289774-F8A1-42E0-8341-563185EA8556}.Debug|Win32.ActiveCfg = Debug|Win32
		{3E289774-F8A1-42E0-8341-563185EA8556}.Debug|Win32.Build.0 = Debug|Win32
		{3E289774-F8A1-42E0-8341-563185EA8556}.Debug|x64.ActiveCfg = Debug|x64
		{3E289774-F8A1-42E0-8341-563185EA8556}.Debug|x64.Build.0 = Debug|x64
		{3E289774-F8A1-42E0-8341-563185EA8556}.Debug|x86.ActiveCfg = Debug|Win32
		{3E289774-F8A1-42E0-8341-563185EA8556}.Debug|x86.Build.0 = Debug|Win32
		{3E289774-F8A1-42E0-8341-563185EA8556}.RCD|ARM.ActiveCfg = RFM|x64
		{3E289774-F8A1-42E0-8341-563185EA8556}.RCD|ARM.Build.0 = RFM|x64
		{3E289774-F8A1-42E0-8341-563185EA8556}.RCD|ARM64.ActiveCfg = RFM|x64
		{3E289774-F8A1-42E0-8341-563185EA8556}.RCD|ARM64.Build.0 = RFM|x64
		{3E289774-F8A1-42E0-8341-563185EA8556}.RCD|Win32.ActiveCfg = RFM|Win32
		{3E289774-F8A1-42E0-8341-563185EA8556}.RCD|Win32.Build.0 = RFM|Win32
		{3E289774-F8A1-42E0-8341-563185EA8556}.RCD|x64.ActiveCfg = RCD|x64
		{3E289774-F8A1-42E0-8341-563185EA8556}.RCD|x64.Build.0 = RCD|x64
		{3E289774-F8A1-42E0-8341-563185EA8556}.RCD|x86.ActiveCfg = RFM|Win32
		{3E289774-F8A1-42E0-8341-563185EA8556}.RCD|x86.Build.0 = RFM|Win32
		{3E289774-F8A1-42E0-8341-563185EA8556}.Release|ARM.ActiveCfg = Release|x64
		{3E289774-F8A1-42E0-8341-563185EA8556}.Release|ARM.Build.0 = Release|x64
		{3E289774-F8A1-42E0-8341-563185EA8556}.Release|ARM64.ActiveCfg = Release|x64
		{3E289774-F8A1-42E0-8341-563185EA8556}.Release|ARM64.Build.0 = Release|x64
		{3E289774-F8A1-42E0-8341-563185EA8556}.Release|Win32.ActiveCfg = Release|Win32
		{3E289774-F8A1-42E0-8341-563185EA8556}.Release|Win32.Build.0 = Release|Win32
		{3E289774-F8A1-42E0-8341-563185EA8556}.Release|x64.ActiveCfg = Release|x64
		{3E289774-F8A1-42E0-8341-563185EA8556}.Release|x64.Build.0 = Release|x64
		{3E289774-F8A1-42E0-8341-563185EA8556}.Release|x86.ActiveCfg = Release|Win32
		{3E289774-F8A1-42E0-8341-563185EA8556}.Release|x86.Build.0 = Release|Win32
		{3E289774-F8A1-42E0-8341-563185EA8556}.RFM|ARM.ActiveCfg = RFM|x64
		{3E289774-F8A1-42E0-8341-563185EA8556}.RFM|ARM.Build.0 = RFM|x64
		{3E289774-F8A1-42E0-8341-563185EA8556}.RFM|ARM64.ActiveCfg = RFM|x64
		{3E289774-F8A1-42E0-8341-563185EA8556}.RFM|ARM64.Build.0 = RFM|x64
		{3E289774-F8A1-42E0-8341-563185EA8556}.RFM|Win32.ActiveCfg = RFM|Win32
		{3E289774-F8A1-42E0-8341-563185EA8556}.RFM|Win32.Build.0 = RFM|Win32
		{3E289774-F8A1-42E0-8341-563185EA8556}.RFM|x64.ActiveCfg = RCD|x64
		{3E289774-F8A1-42E0-8341-563185EA8556}.RFM|x64.Build.0 = RCD|x64
		{3E289774-F8A1-42E0-8341-563185EA8556}.RFM|x86.ActiveCfg = RFM|Win32
		{3E289774-F8A1-42E0-8341-563185EA8556}.RFM|x86.Build.0 = RFM|Win32
		{EE7F1037-F9A1-4C25-A7A7-5C487309140E}.Debug|ARM.ActiveCfg = Debug|x64
		{EE7F1037-F9A1-4C25-A7A7-5C487309140E}.Debug|ARM.Build.0 = Debug|x64
		{EE7F1037-F9A1-4C25-A7A7-5C487309140E}.Debug|ARM64.ActiveCfg = Debug|x64
		{EE7F1037-F9A1-4C25-A7A7-5C487309140E}.Debug|ARM64.Build.0 = Debug|x64
		{EE7F1037-F9A1-4C25-A7A7-5C487309140E}.Debug|Win32.ActiveCfg = Debug|Win32
		{EE7F1037-F9A1-4C25-A7A7-5C487309140E}.Debug|Win32.Build.0 = Debug|Win32
		{EE7F1037-F9A1-4C25-A7A7-5C487309140E}.Debug|x64.ActiveCfg = Debug|x64
		{EE7F1037-F9A1-4C25-A7A7-5C487309140E}.Debug|x64.Build.0 = Debug|x64
		{EE7F1037-F9A1-4C25-A7A7-5C487309140E}.Debug|x86.ActiveCfg = Debug|Win32
		{EE7F1037-F9A1-4C25-A7A7-5C487309140E}.Debug|x86.Build.0 = Debug|Win32
		{EE7F1037-F9A1-4C25-A7A7-5C487309140E}.RCD|ARM.ActiveCfg = RCD|x64
		{EE7F1037-F9A1-4C25-A7A7-5C487309140E}.RCD|ARM.Build.0 = RCD|x64
		{EE7F1037-F9A1-4C25-A7A7-5C487309140E}.RCD|ARM64.ActiveCfg = RCD|x64
		{EE7F1037-F9A1-4C25-A7A7-5C487309140E}.RCD|ARM64.Build.0 = RCD|x64
		{EE7F1037-F9A1-4C25-A7A7-5C487309140E}.RCD|Win32.ActiveCfg = RCD|Win32
		{EE7F1037-F9A1-4C25-A7A7-5C487309140E}.RCD|Win32.Build.0 = RCD|Win32
		{EE7F1037-F9A1-4C25-A7A7-5C487309140E}.RCD|x64.ActiveCfg = RCD|x64
		{EE7F1037-F9A1-4C25-A7A7-5C487309140E}.RCD|x64.Build.0 = RCD|x64
		{EE7F1037-F9A1-4C25-A7A7-5C487309140E}.RCD|x86.ActiveCfg = RCD|Win32
		{EE7F1037-F9A1-4C25-A7A7-5C487309140E}.RCD|x86.Build.0 = RCD|Win32
		{EE7F1037-F9A1-4C25-A7A7-5C487309140E}.Release|ARM.ActiveCfg = Release|x64
		{EE7F1037-F9A1-4C25-A7A7-5C487309140E}.Release|ARM.Build.0 = Release|x64
		{EE7F1037-F9A1-4C25-A7A7-5C487309140E}.Release|ARM64.ActiveCfg = Release|x64
		{EE7F1037-F9A1-4C25-A7A7-5C487309140E}.Release|ARM64.Build.0 = Release|x64
		{EE7F1037-F9A1-4C25-A7A7-5C487309140E}.Release|Win32.ActiveCfg = Release|Win32
		{EE7F1037-F9A1-4C25-A7A7-5C487309140E}.Release|Win32.Build.0 = Release|Win32
		{EE7F1037-F9A1-4C25-A7A7-5C487309140E}.Release|x64.ActiveCfg = Release|x64
		{EE7F1037-F9A1-4C25-A7A7-5C487309140E}.Release|x64.Build.0 = Release|x64
		{EE7F1037-F9A1-4C25-A7A7-5C487309140E}.Release|x86.ActiveCfg = Release|Win32
		{EE7F1037-F9A1-4C25-A7A7-5C487309140E}.Release|x86.Build.0 = Release|Win32
		{EE7F1037-F9A1-4C25-A7A7-5C487309140E}.RFM|ARM.ActiveCfg = RFM|x64
		{EE7F1037-F9A1-4C25-A7A7-5C487309140E}.RFM|ARM.Build.0 = RFM|x64
		{EE7F1037-F9A1-4C25-A7A7-5C487309140E}.RFM|ARM64.ActiveCfg = RFM|x64
		{EE7F1037-F9A1-4C25-A7A7-5C487309140E}.RFM|ARM64.Build.0 = RFM|x64
		{EE7F1037-F9A1-4C25-A7A7-5C487309140E}.RFM|Win32.ActiveCfg = RFM|Win32
		{EE7F1037-F9A1-4C25-A7A7-5C487309140E}.RFM|Win32.Build.0 = RFM|Win32
		{EE7F1037-F9A1-4C25-A7A7-5C487309140E}.RFM|x64.ActiveCfg = RCD|x64
		{EE7F1037-F9A1-4C25-A7A7-5C487309140E}.RFM|x64.Build.0 = RCD|x64
		{EE7F1037-F9A1-4C25-A7A7-5C487309140E}.RFM|x86.ActiveCfg = RFM|Win32
		{EE7F1037-F9A1-4C25-A7A7-5C487309140E}.RFM|x86.Build.0 = RFM|Win32
		{82C8E347-68F2-4B05-B47F-FE5BE181385F}.Debug|ARM.ActiveCfg = Debug|x64
		{82C8E347-68F2-4B05-B47F-FE5BE181385F}.Debug|ARM.Build.0 = Debug|x64
		{82C8E347-68F2-4B05-B47F-FE5BE181385F}.Debug|ARM64.ActiveCfg = Debug|x64
		{82C8E347-68F2-4B05-B47F-FE5BE181385F}.Debug|ARM64.Build.0 = Debug|x64
		{82C8E347-68F2-4B05-B47F-FE5BE181385F}.Debug|Win32.ActiveCfg = Debug|Win32
		{82C8E347-68F2-4B05-B47F-FE5BE181385F}.Debug|Win32.Build.0 = Debug|Win32
		{82C8E347-68F2-4B05-B47F-FE5BE181385F}.Debug|x64.ActiveCfg = Debug|x64
		{82C8E347-68F2-4B05-B47F-FE5BE181385F}.Debug|x64.Build.0 = Debug|x64
		{82C8E347-68F2-4B05-B47F-FE5BE181385F}.Debug|x86.ActiveCfg = Debug|Win32
		{82C8E347-68F2-4B05-B47F-FE5BE181385F}.Debug|x86.Build.0 = Debug|Win32
		{82C8E347-68F2-4B05-B47F-FE5BE181385F}.RCD|ARM.ActiveCfg = RCD|x64
		{82C8E347-68F2-4B05-B47F-FE5BE181385F}.RCD|ARM.Build.0 = RCD|x64
		{82C8E347-68F2-4B05-B47F-FE5BE181385F}.RCD|ARM64.ActiveCfg = RCD|x64
		{82C8E347-68F2-4B05-B47F-FE5BE181385F}.RCD|ARM64.Build.0 = RCD|x64
		{82C8E347-68F2-4B05-B47F-FE5BE181385F}.RCD|Win32.ActiveCfg = RCD|Win32
		{82C8E347-68F2-4B05-B47F-FE5BE181385F}.RCD|Win32.Build.0 = RCD|Win32
		{82C8E347-68F2-4B05-B47F-FE5BE181385F}.RCD|x64.ActiveCfg = RCD|x64
		{82C8E347-68F2-4B05-B47F-FE5BE181385F}.RCD|x64.Build.0 = RCD|x64
		{82C8E347-68F2-4B05-B47F-FE5BE181385F}.RCD|x86.ActiveCfg = RCD|Win32
		{82C8E347-68F2-4B05-B47F-FE5BE181385F}.RCD|x86.Build.0 = RCD|Win32
		{82C8E347-68F2-4B05-B47F-FE5BE181385F}.Release|ARM.ActiveCfg = Release|x64
		{82C8E347-68F2-4B05-B47F-FE5BE181385F}.Release|ARM.Build.0 = Release|x64
		{82C8E347-68F2-4B05-B47F-FE5BE181385F}.Release|ARM64.ActiveCfg = Release|x64
		{82C8E347-68F2-4B05-B47F-FE5BE181385F}.Release|ARM64.Build.0 = Release|x64
		{82C8E347-68F2-4B05-B47F-FE5BE181385F}.Release|Win32.ActiveCfg = Release|Win32
		{82C8E347-68F2-4B05-B47F-FE5BE181385F}.Release|Win32.Build.0 = Release|Win32
		{82C8E347-68F2-4B05-B47F-FE5BE181385F}.Release|x64.ActiveCfg = Release|x64
		{82C8E347-68F2-4B05-B47F-FE5BE181385F}.Release|x64.Build.0 = Release|x64
		{82C8E347-68F2-4B05-B47F-FE5BE181385F}.Release|x86.ActiveCfg = Release|Win32
		{82C8E347-68F2-4B05-B47F-FE5BE181385F}.Release|x86.Build.0 = Release|Win32
		{82C8E347-68F2-4B05-B47F-FE5BE181385F}.RFM|ARM.ActiveCfg = RFM|x64
		{82C8E347-68F2-4B05-B47F-FE5BE181385F}.RFM|ARM.Build.0 = RFM|x64
		{82C8E347-68F2-4B05-B47F-FE5BE181385F}.RFM|ARM64.ActiveCfg = RFM|x64
		{82C8E347-68F2-4B05-B47F-FE5BE181385F}.RFM|ARM64.Build.0 = RFM|x64
		{82C8E347-68F2-4B05-B47F-FE5BE181385F}.RFM|Win32.ActiveCfg = RFM|Win32
		{82C8E347-68F2-4B05-B47F-FE5BE181385F}.RFM|Win32.Build.0 = RFM|Win32
		{82C8E347-68F2-4B05-B47F-FE5BE181385F}.RFM|x64.ActiveCfg = RFM|x64
		{82C8E347-68F2-4B05-B47F-FE5BE181385F}.RFM|x64.Build.0 = RFM|x64
		{82C8E347-68F2-4B05-B47F-FE5BE181385F}.RFM|x86.ActiveCfg = RFM|Win32
		{82C8E347-68F2-4B05-B47F-FE5BE181385F}.RFM|x86.Build.0 = RFM|Win32
		{1CF0309E-9107-4AAD-BFAA-58081BAEC6E3}.Debug|ARM.ActiveCfg = Debug|x64
		{1CF0309E-9107-4AAD-BFAA-58081BAEC6E3}.Debug|ARM.Build.0 = Debug|x64
		{1CF0309E-9107-4AAD-BFAA-58081BAEC6E3}.Debug|ARM64.ActiveCfg = Debug|x64
		{1CF0309E-9107-4AAD-BFAA-58081BAEC6E3}.Debug|ARM64.Build.0 = Debug|x64
		{1CF0309E-9107-4AAD-BFAA-58081BAEC6E3}.Debug|Win32.ActiveCfg = Debug|Win32
		{1CF0309E-9107-4AAD-BFAA-58081BAEC6E3}.Debug|Win32.Build.0 = Debug|Win32
		{1CF0309E-9107-4AAD-BFAA-58081BAEC6E3}.Debug|x64.ActiveCfg = Debug|x64
		{1CF0309E-9107-4AAD-BFAA-58081BAEC6E3}.Debug|x64.Build.0 = Debug|x64
		{1CF0309E-9107-4AAD-BFAA-58081BAEC6E3}.Debug|x86.ActiveCfg = Debug|Win32
		{1CF0309E-9107-4AAD-BFAA-58081BAEC6E3}.Debug|x86.Build.0 = Debug|Win32
		{1CF0309E-9107-4AAD-BFAA-58081BAEC6E3}.RCD|ARM.ActiveCfg = RFM|x64
		{1CF0309E-9107-4AAD-BFAA-58081BAEC6E3}.RCD|ARM.Build.0 = RFM|x64
		{1CF0309E-9107-4AAD-BFAA-58081BAEC6E3}.RCD|ARM64.ActiveCfg = RFM|x64
		{1CF0309E-9107-4AAD-BFAA-58081BAEC6E3}.RCD|ARM64.Build.0 = RFM|x64
		{1CF0309E-9107-4AAD-BFAA-58081BAEC6E3}.RCD|Win32.ActiveCfg = RFM|Win32
		{1CF0309E-9107-4AAD-BFAA-58081BAEC6E3}.RCD|Win32.Build.0 = RFM|Win32
		{1CF0309E-9107-4AAD-BFAA-58081BAEC6E3}.RCD|x64.ActiveCfg = RFM|x64
		{1CF0309E-9107-4AAD-BFAA-58081BAEC6E3}.RCD|x64.Build.0 = RFM|x64
		{1CF0309E-9107-4AAD-BFAA-58081BAEC6E3}.RCD|x86.ActiveCfg = RFM|Win32
		{1CF0309E-9107-4AAD-BFAA-58081BAEC6E3}.RCD|x86.Build.0 = RFM|Win32
		{1CF0309E-9107-4AAD-BFAA-58081BAEC6E3}.Release|ARM.ActiveCfg = Release|x64
		{1CF0309E-9107-4AAD-BFAA-58081BAEC6E3}.Release|ARM.Build.0 = Release|x64
		{1CF0309E-9107-4AAD-BFAA-58081BAEC6E3}.Release|ARM64.ActiveCfg = Release|x64
		{1CF0309E-9107-4AAD-BFAA-58081BAEC6E3}.Release|ARM64.Build.0 = Release|x64
		{1CF0309E-9107-4AAD-BFAA-58081BAEC6E3}.Release|Win32.ActiveCfg = Release|Win32
		{1CF0309E-9107-4AAD-BFAA-58081BAEC6E3}.Release|Win32.Build.0 = Release|Win32
		{1CF0309E-9107-4AAD-BFAA-58081BAEC6E3}.Release|x64.ActiveCfg = Release|x64
		{1CF0309E-9107-4AAD-BFAA-58081BAEC6E3}.Release|x64.Build.0 = Release|x64
		{1CF0309E-9107-4AAD-BFAA-58081BAEC6E3}.Release|x86.ActiveCfg = Release|Win32
		{1CF0309E-9107-4AAD-BFAA-58081BAEC6E3}.Release|x86.Build.0 = Release|Win32
		{1CF0309E-9107-4AAD-BFAA-58081BAEC6E3}.RFM|ARM.ActiveCfg = RFM|x64
		{1CF0309E-9107-4AAD-BFAA-58081BAEC6E3}.RFM|ARM.Build.0 = RFM|x64
		{1CF0309E-9107-4AAD-BFAA-58081BAEC6E3}.RFM|ARM64.ActiveCfg = RFM|x64
		{1CF0309E-9107-4AAD-BFAA-58081BAEC6E3}.RFM|ARM64.Build.0 = RFM|x64
		{1CF0309E-9107-4AAD-BFAA-58081BAEC6E3}.RFM|Win32.ActiveCfg = RFM|Win32
		{1CF0309E-9107-4AAD-BFAA-58081BAEC6E3}.RFM|Win32.Build.0 = RFM|Win32
		{1CF0309E-9107-4AAD-BFAA-58081BAEC6E3}.RFM|x64.ActiveCfg = RFM|x64
		{1CF0309E-9107-4AAD-BFAA-58081BAEC6E3}.RFM|x64.Build.0 = RFM|x64
		{1CF0309E-9107-4AAD-BFAA-58081BAEC6E3}.RFM|x86.ActiveCfg = RFM|Win32
		{1CF0309E-9107-4AAD-BFAA-58081BAEC6E3}.RFM|x86.Build.0 = RFM|Win32
	EndGlobalSection
	GlobalSection(SolutionProperties) = preSolution
		HideSolutionNode = FALSE
	EndGlobalSection
	GlobalSection(ExtensibilityGlobals) = postSolution
		SolutionGuid = {CFCC98D5-45E4-4716-BBF7-49F117809997}
	EndGlobalSection
EndGlobal
