<?xml version="1.0" encoding="utf-8"?>
<Project ToolsVersion="4.0" xmlns="http://schemas.microsoft.com/developer/msbuild/2003">
  <ItemGroup>
    <Filter Include="Source Files">
      <UniqueIdentifier>{4FC737F1-C7A5-4376-A066-2A32D752A2FF}</UniqueIdentifier>
      <Extensions>cpp;c;cc;cxx;def;odl;idl;hpj;bat;asm;asmx</Extensions>
    </Filter>
    <Filter Include="Header Files">
      <UniqueIdentifier>{93995380-89BD-4b04-88EB-625FBE52EBFB}</UniqueIdentifier>
      <Extensions>h;hh;hpp;hxx;hm;inl;inc;xsd</Extensions>
    </Filter>
    <Filter Include="Resource Files">
      <UniqueIdentifier>{67DA6AB6-F800-4c08-8B7A-83BB121AAD01}</UniqueIdentifier>
      <Extensions>rc;ico;cur;bmp;dlg;rc2;rct;bin;rgs;gif;jpg;jpeg;jpe;resx;tiff;tif;png;wav</Extensions>
    </Filter>
  </ItemGroup>
  <ItemGroup>
    <Image Include="veh_ripple_map.png">
      <Filter>Resource Files</Filter>
    </Image>
    <Image Include="veh_ripple_map_video.png">
      <Filter>Resource Files</Filter>
    </Image>
    <Image Include="upgrades\brand_ASMG_FH22.png">
      <Filter>Resource Files</Filter>
    </Image>
    <Image Include="upgrades\brand_logo.png">
      <Filter>Resource Files</Filter>
    </Image>
    <Image Include="upgrades\F122_AL_14-icon-1024x576.png">
      <Filter>Resource Files</Filter>
    </Image>
    <Image Include="upgrades\F122_AL_14-icon-128x72.png">
      <Filter>Resource Files</Filter>
    </Image>
    <Image Include="upgrades\F122_AL_14-icon-2048x1152.png">
      <Filter>Resource Files</Filter>
    </Image>
    <Image Include="upgrades\F122_AL_14-icon-256x144.png">
      <Filter>Resource Files</Filter>
    </Image>
    <Image Include="upgrades\F122_AL_14-icon-512x288.png">
      <Filter>Resource Files</Filter>
    </Image>
    <Image Include="upgrades\F122_AL_14.dds" />
    <Image Include="upgrades\F122_AL_14Driver.dds" />
    <Image Include="upgrades\F122_AL_14Gloves.dds" />
    <Image Include="upgrades\F122_AL_14HelmetNew.dds" />
    <Image Include="upgrades\F122_AL_14icon.png">
      <Filter>Resource Files</Filter>
    </Image>
    <Image Include="upgrades\F122_AL_14Rims.dds" />
    <Image Include="upgrades\F122_AL_14Stickers.dds" />
    <Image Include="upgrades\F122_AL_14_region.dds" />
    <Image Include="upgrades\F122_AL_31-icon-1024x576.png">
      <Filter>Resource Files</Filter>
    </Image>
    <Image Include="upgrades\F122_AL_31-icon-128x72.png">
      <Filter>Resource Files</Filter>
    </Image>
    <Image Include="upgrades\F122_AL_31-icon-2048x1152.png">
      <Filter>Resource Files</Filter>
    </Image>
    <Image Include="upgrades\F122_AL_31-icon-256x144.png">
      <Filter>Resource Files</Filter>
    </Image>
    <Image Include="upgrades\F122_AL_31-icon-512x288.png">
      <Filter>Resource Files</Filter>
    </Image>
    <Image Include="upgrades\F122_AL_31.dds" />
    <Image Include="upgrades\F122_AL_31Driver.dds" />
    <Image Include="upgrades\F122_AL_31Gloves.dds" />
    <Image Include="upgrades\F122_AL_31HelmetNew.dds" />
    <Image Include="upgrades\F122_AL_31icon.png">
      <Filter>Resource Files</Filter>
    </Image>
    <Image Include="upgrades\F122_AL_31Rims.dds" />
    <Image Include="upgrades\F122_AL_31Stickers.dds" />
    <Image Include="upgrades\F122_AL_31_region.dds" />
    <Image Include="upgrades\F122_AM_05-icon-1024x576.png">
      <Filter>Resource Files</Filter>
    </Image>
    <Image Include="upgrades\F122_AM_05-icon-128x72.png">
      <Filter>Resource Files</Filter>
    </Image>
    <Image Include="upgrades\F122_AM_05-icon-2048x1152.png">
      <Filter>Resource Files</Filter>
    </Image>
    <Image Include="upgrades\F122_AM_05-icon-256x144.png">
      <Filter>Resource Files</Filter>
    </Image>
    <Image Include="upgrades\F122_AM_05-icon-512x288.png">
      <Filter>Resource Files</Filter>
    </Image>
    <Image Include="upgrades\F122_AM_05.dds" />
    <Image Include="upgrades\F122_AM_05Driver.dds" />
    <Image Include="upgrades\F122_AM_05Gloves.dds" />
    <Image Include="upgrades\F122_AM_05HelmetNew.dds" />
    <Image Include="upgrades\F122_AM_05icon.png">
      <Filter>Resource Files</Filter>
    </Image>
    <Image Include="upgrades\F122_AM_05Rims.dds" />
    <Image Include="upgrades\F122_AM_05Stickers.dds" />
    <Image Include="upgrades\F122_AM_05_region.dds" />
    <Image Include="upgrades\F122_AM_18-icon-1024x576.png">
      <Filter>Resource Files</Filter>
    </Image>
    <Image Include="upgrades\F122_AM_18-icon-128x72.png">
      <Filter>Resource Files</Filter>
    </Image>
    <Image Include="upgrades\F122_AM_18-icon-2048x1152.png">
      <Filter>Resource Files</Filter>
    </Image>
    <Image Include="upgrades\F122_AM_18-icon-256x144.png">
      <Filter>Resource Files</Filter>
    </Image>
    <Image Include="upgrades\F122_AM_18-icon-512x288.png">
      <Filter>Resource Files</Filter>
    </Image>
    <Image Include="upgrades\F122_AM_18.dds" />
    <Image Include="upgrades\F122_AM_18Driver.dds" />
    <Image Include="upgrades\F122_AM_18Gloves.dds" />
    <Image Include="upgrades\F122_AM_18HelmetNew.dds" />
    <Image Include="upgrades\F122_AM_18icon.png">
      <Filter>Resource Files</Filter>
    </Image>
    <Image Include="upgrades\F122_AM_18Rims.dds" />
    <Image Include="upgrades\F122_AM_18Stickers.dds" />
    <Image Include="upgrades\F122_AM_18_region.dds" />
    <Image Include="upgrades\F122_AR_24-icon-1024x576.png">
      <Filter>Resource Files</Filter>
    </Image>
    <Image Include="upgrades\F122_AR_24-icon-128x72.png">
      <Filter>Resource Files</Filter>
    </Image>
    <Image Include="upgrades\F122_AR_24-icon-2048x1152.png">
      <Filter>Resource Files</Filter>
    </Image>
    <Image Include="upgrades\F122_AR_24-icon-256x144.png">
      <Filter>Resource Files</Filter>
    </Image>
    <Image Include="upgrades\F122_AR_24-icon-512x288.png">
      <Filter>Resource Files</Filter>
    </Image>
    <Image Include="upgrades\F122_AR_24.dds" />
    <Image Include="upgrades\F122_AR_24Driver.dds" />
    <Image Include="upgrades\F122_AR_24HelmetNew.dds" />
    <Image Include="upgrades\F122_AR_24icon.png">
      <Filter>Resource Files</Filter>
    </Image>
    <Image Include="upgrades\F122_AR_24Rims.dds" />
    <Image Include="upgrades\F122_AR_24Stickers.dds" />
    <Image Include="upgrades\F122_AR_24_region.dds" />
    <Image Include="upgrades\F122_AR_77-icon-1024x576.png">
      <Filter>Resource Files</Filter>
    </Image>
    <Image Include="upgrades\F122_AR_77-icon-128x72.png">
      <Filter>Resource Files</Filter>
    </Image>
    <Image Include="upgrades\F122_AR_77-icon-2048x1152.png">
      <Filter>Resource Files</Filter>
    </Image>
    <Image Include="upgrades\F122_AR_77-icon-256x144.png">
      <Filter>Resource Files</Filter>
    </Image>
    <Image Include="upgrades\F122_AR_77-icon-512x288.png">
      <Filter>Resource Files</Filter>
    </Image>
    <Image Include="upgrades\F122_AR_77.dds" />
    <Image Include="upgrades\F122_AR_77Driver.dds" />
    <Image Include="upgrades\F122_AR_77HelmetNew.dds" />
    <Image Include="upgrades\F122_AR_77icon.png">
      <Filter>Resource Files</Filter>
    </Image>
    <Image Include="upgrades\F122_AR_77Rims.dds" />
    <Image Include="upgrades\F122_AR_77Stickers.dds" />
    <Image Include="upgrades\F122_AR_77_region.dds" />
    <Image Include="upgrades\F122_AT_10-icon-1024x576.png">
      <Filter>Resource Files</Filter>
    </Image>
    <Image Include="upgrades\F122_AT_10-icon-128x72.png">
      <Filter>Resource Files</Filter>
    </Image>
    <Image Include="upgrades\F122_AT_10-icon-2048x1152.png">
      <Filter>Resource Files</Filter>
    </Image>
    <Image Include="upgrades\F122_AT_10-icon-256x144.png">
      <Filter>Resource Files</Filter>
    </Image>
    <Image Include="upgrades\F122_AT_10-icon-512x288.png">
      <Filter>Resource Files</Filter>
    </Image>
    <Image Include="upgrades\F122_AT_10.dds" />
    <Image Include="upgrades\F122_AT_10Driver.dds" />
    <Image Include="upgrades\F122_AT_10HelmetNew.dds" />
    <Image Include="upgrades\F122_AT_10icon.png">
      <Filter>Resource Files</Filter>
    </Image>
    <Image Include="upgrades\F122_AT_10Rims.dds" />
    <Image Include="upgrades\F122_AT_10Stickers.dds" />
    <Image Include="upgrades\F122_AT_10_region.dds" />
    <Image Include="upgrades\F122_AT_22-icon-1024x576.png">
      <Filter>Resource Files</Filter>
    </Image>
    <Image Include="upgrades\F122_AT_22-icon-128x72.png">
      <Filter>Resource Files</Filter>
    </Image>
    <Image Include="upgrades\F122_AT_22-icon-2048x1152.png">
      <Filter>Resource Files</Filter>
    </Image>
    <Image Include="upgrades\F122_AT_22-icon-256x144.png">
      <Filter>Resource Files</Filter>
    </Image>
    <Image Include="upgrades\F122_AT_22-icon-512x288.png">
      <Filter>Resource Files</Filter>
    </Image>
    <Image Include="upgrades\F122_AT_22.dds" />
    <Image Include="upgrades\F122_AT_22Driver.dds" />
    <Image Include="upgrades\F122_AT_22HelmetNew.dds" />
    <Image Include="upgrades\F122_AT_22icon.png">
      <Filter>Resource Files</Filter>
    </Image>
    <Image Include="upgrades\F122_AT_22Rims.dds" />
    <Image Include="upgrades\F122_AT_22Stickers.dds" />
    <Image Include="upgrades\F122_AT_22_region.dds" />
    <Image Include="upgrades\F122_FE_16-icon-1024x576.png">
      <Filter>Resource Files</Filter>
    </Image>
    <Image Include="upgrades\F122_FE_16-icon-128x72.png">
      <Filter>Resource Files</Filter>
    </Image>
    <Image Include="upgrades\F122_FE_16-icon-2048x1152.png">
      <Filter>Resource Files</Filter>
    </Image>
    <Image Include="upgrades\F122_FE_16-icon-256x144.png">
      <Filter>Resource Files</Filter>
    </Image>
    <Image Include="upgrades\F122_FE_16-icon-512x288.png">
      <Filter>Resource Files</Filter>
    </Image>
    <Image Include="upgrades\F122_FE_16.dds" />
    <Image Include="upgrades\F122_FE_16Driver.dds" />
    <Image Include="upgrades\F122_FE_16HelmetNew.dds" />
    <Image Include="upgrades\F122_FE_16icon.png">
      <Filter>Resource Files</Filter>
    </Image>
    <Image Include="upgrades\F122_FE_16Rims.dds" />
    <Image Include="upgrades\F122_FE_16Stickers.dds" />
    <Image Include="upgrades\F122_FE_16_region.dds" />
    <Image Include="upgrades\F122_FE_55-icon-1024x576.png">
      <Filter>Resource Files</Filter>
    </Image>
    <Image Include="upgrades\F122_FE_55-icon-128x72.png">
      <Filter>Resource Files</Filter>
    </Image>
    <Image Include="upgrades\F122_FE_55-icon-2048x1152.png">
      <Filter>Resource Files</Filter>
    </Image>
    <Image Include="upgrades\F122_FE_55-icon-256x144.png">
      <Filter>Resource Files</Filter>
    </Image>
    <Image Include="upgrades\F122_FE_55-icon-512x288.png">
      <Filter>Resource Files</Filter>
    </Image>
    <Image Include="upgrades\F122_FE_55.dds" />
    <Image Include="upgrades\F122_FE_55Driver.dds" />
    <Image Include="upgrades\F122_FE_55HelmetNew.dds" />
    <Image Include="upgrades\F122_FE_55icon.png">
      <Filter>Resource Files</Filter>
    </Image>
    <Image Include="upgrades\F122_FE_55Rims.dds" />
    <Image Include="upgrades\F122_FE_55Stickers.dds" />
    <Image Include="upgrades\F122_FE_55_region.dds" />
    <Image Include="upgrades\F122_HA_20-icon-1024x576.png">
      <Filter>Resource Files</Filter>
    </Image>
    <Image Include="upgrades\F122_HA_20-icon-128x72.png">
      <Filter>Resource Files</Filter>
    </Image>
    <Image Include="upgrades\F122_HA_20-icon-2048x1152.png">
      <Filter>Resource Files</Filter>
    </Image>
    <Image Include="upgrades\F122_HA_20-icon-256x144.png">
      <Filter>Resource Files</Filter>
    </Image>
    <Image Include="upgrades\F122_HA_20-icon-512x288.png">
      <Filter>Resource Files</Filter>
    </Image>
    <Image Include="upgrades\F122_HA_20.dds" />
    <Image Include="upgrades\F122_HA_20Driver.dds" />
    <Image Include="upgrades\F122_HA_20HelmetNew.dds" />
    <Image Include="upgrades\F122_HA_20icon.png">
      <Filter>Resource Files</Filter>
    </Image>
    <Image Include="upgrades\F122_HA_20Stickers.dds" />
    <Image Include="upgrades\F122_HA_20_region.dds" />
    <Image Include="upgrades\F122_HA_47-icon-1024x576.png">
      <Filter>Resource Files</Filter>
    </Image>
    <Image Include="upgrades\F122_HA_47-icon-128x72.png">
      <Filter>Resource Files</Filter>
    </Image>
    <Image Include="upgrades\F122_HA_47-icon-2048x1152.png">
      <Filter>Resource Files</Filter>
    </Image>
    <Image Include="upgrades\F122_HA_47-icon-256x144.png">
      <Filter>Resource Files</Filter>
    </Image>
    <Image Include="upgrades\F122_HA_47-icon-512x288.png">
      <Filter>Resource Files</Filter>
    </Image>
    <Image Include="upgrades\F122_HA_47.dds" />
    <Image Include="upgrades\F122_HA_47Driver.dds" />
    <Image Include="upgrades\F122_HA_47HelmetNew.dds" />
    <Image Include="upgrades\F122_HA_47icon.png">
      <Filter>Resource Files</Filter>
    </Image>
    <Image Include="upgrades\F122_HA_47Stickers.dds" />
    <Image Include="upgrades\F122_HA_47_region.dds" />
    <Image Include="upgrades\F122_MC_03-icon-1024x576.png">
      <Filter>Resource Files</Filter>
    </Image>
    <Image Include="upgrades\F122_MC_03-icon-128x72.png">
      <Filter>Resource Files</Filter>
    </Image>
    <Image Include="upgrades\F122_MC_03-icon-2048x1152.png">
      <Filter>Resource Files</Filter>
    </Image>
    <Image Include="upgrades\F122_MC_03-icon-256x144.png">
      <Filter>Resource Files</Filter>
    </Image>
    <Image Include="upgrades\F122_MC_03-icon-512x288.png">
      <Filter>Resource Files</Filter>
    </Image>
    <Image Include="upgrades\F122_MC_03.dds" />
    <Image Include="upgrades\F122_MC_03Driver.dds" />
    <Image Include="upgrades\F122_MC_03HelmetNew.dds" />
    <Image Include="upgrades\F122_MC_03icon.png">
      <Filter>Resource Files</Filter>
    </Image>
    <Image Include="upgrades\F122_MC_03Rims.dds" />
    <Image Include="upgrades\F122_MC_03Stickers.dds" />
    <Image Include="upgrades\F122_MC_03_region.dds" />
    <Image Include="upgrades\F122_MC_04-icon-1024x576.png">
      <Filter>Resource Files</Filter>
    </Image>
    <Image Include="upgrades\F122_MC_04-icon-128x72.png">
      <Filter>Resource Files</Filter>
    </Image>
    <Image Include="upgrades\F122_MC_04-icon-2048x1152.png">
      <Filter>Resource Files</Filter>
    </Image>
    <Image Include="upgrades\F122_MC_04-icon-256x144.png">
      <Filter>Resource Files</Filter>
    </Image>
    <Image Include="upgrades\F122_MC_04-icon-512x288.png">
      <Filter>Resource Files</Filter>
    </Image>
    <Image Include="upgrades\F122_MC_04.dds" />
    <Image Include="upgrades\F122_MC_04Driver.dds" />
    <Image Include="upgrades\F122_MC_04HelmetNew.dds" />
    <Image Include="upgrades\F122_MC_04icon.png">
      <Filter>Resource Files</Filter>
    </Image>
    <Image Include="upgrades\F122_MC_04Rims.dds" />
    <Image Include="upgrades\F122_MC_04Stickers.dds" />
    <Image Include="upgrades\F122_MC_04_region.dds" />
    <Image Include="upgrades\F122_ME_44-icon-1024x576.png">
      <Filter>Resource Files</Filter>
    </Image>
    <Image Include="upgrades\F122_ME_44-icon-128x72.png">
      <Filter>Resource Files</Filter>
    </Image>
    <Image Include="upgrades\F122_ME_44-icon-2048x1152.png">
      <Filter>Resource Files</Filter>
    </Image>
    <Image Include="upgrades\F122_ME_44-icon-256x144.png">
      <Filter>Resource Files</Filter>
    </Image>
    <Image Include="upgrades\F122_ME_44-icon-512x288.png">
      <Filter>Resource Files</Filter>
    </Image>
    <Image Include="upgrades\F122_ME_44.dds" />
    <Image Include="upgrades\F122_ME_44Driver.dds" />
    <Image Include="upgrades\F122_ME_44HelmetNew.dds" />
    <Image Include="upgrades\F122_ME_44icon.png">
      <Filter>Resource Files</Filter>
    </Image>
    <Image Include="upgrades\F122_ME_44Rims.dds" />
    <Image Include="upgrades\F122_ME_44Stickers.dds" />
    <Image Include="upgrades\F122_ME_44_region.dds" />
    <Image Include="upgrades\F122_ME_63-icon-1024x576.png">
      <Filter>Resource Files</Filter>
    </Image>
    <Image Include="upgrades\F122_ME_63-icon-128x72.png">
      <Filter>Resource Files</Filter>
    </Image>
    <Image Include="upgrades\F122_ME_63-icon-2048x1152.png">
      <Filter>Resource Files</Filter>
    </Image>
    <Image Include="upgrades\F122_ME_63-icon-256x144.png">
      <Filter>Resource Files</Filter>
    </Image>
    <Image Include="upgrades\F122_ME_63-icon-512x288.png">
      <Filter>Resource Files</Filter>
    </Image>
    <Image Include="upgrades\F122_ME_63.dds" />
    <Image Include="upgrades\F122_ME_63Driver.dds" />
    <Image Include="upgrades\F122_ME_63HelmetNew.dds" />
    <Image Include="upgrades\F122_ME_63icon.png">
      <Filter>Resource Files</Filter>
    </Image>
    <Image Include="upgrades\F122_ME_63Rims.dds" />
    <Image Include="upgrades\F122_ME_63Stickers.dds" />
    <Image Include="upgrades\F122_ME_63_region.dds" />
    <Image Include="upgrades\F122_RB_01-icon-1024x576.png">
      <Filter>Resource Files</Filter>
    </Image>
    <Image Include="upgrades\F122_RB_01-icon-128x72.png">
      <Filter>Resource Files</Filter>
    </Image>
    <Image Include="upgrades\F122_RB_01-icon-2048x1152.png">
      <Filter>Resource Files</Filter>
    </Image>
    <Image Include="upgrades\F122_RB_01-icon-256x144.png">
      <Filter>Resource Files</Filter>
    </Image>
    <Image Include="upgrades\F122_RB_01-icon-512x288.png">
      <Filter>Resource Files</Filter>
    </Image>
    <Image Include="upgrades\F122_RB_01.dds" />
    <Image Include="upgrades\F122_RB_01Driver.dds" />
    <Image Include="upgrades\F122_RB_01Gloves.dds" />
    <Image Include="upgrades\F122_RB_01HelmetNew.dds" />
    <Image Include="upgrades\F122_RB_01icon.png">
      <Filter>Resource Files</Filter>
    </Image>
    <Image Include="upgrades\F122_RB_01Rims.dds" />
    <Image Include="upgrades\F122_RB_01Stickers.dds" />
    <Image Include="upgrades\F122_RB_01_region.dds" />
    <Image Include="upgrades\F122_RB_11-icon-1024x576.png">
      <Filter>Resource Files</Filter>
    </Image>
    <Image Include="upgrades\F122_RB_11-icon-128x72.png">
      <Filter>Resource Files</Filter>
    </Image>
    <Image Include="upgrades\F122_RB_11-icon-2048x1152.png">
      <Filter>Resource Files</Filter>
    </Image>
    <Image Include="upgrades\F122_RB_11-icon-256x144.png">
      <Filter>Resource Files</Filter>
    </Image>
    <Image Include="upgrades\F122_RB_11-icon-512x288.png">
      <Filter>Resource Files</Filter>
    </Image>
    <Image Include="upgrades\F122_RB_11.dds" />
    <Image Include="upgrades\F122_RB_11Driver.dds" />
    <Image Include="upgrades\F122_RB_11Gloves.dds" />
    <Image Include="upgrades\F122_RB_11HelmetNew.dds" />
    <Image Include="upgrades\F122_RB_11icon.png">
      <Filter>Resource Files</Filter>
    </Image>
    <Image Include="upgrades\F122_RB_11Rims.dds" />
    <Image Include="upgrades\F122_RB_11Stickers.dds" />
    <Image Include="upgrades\F122_RB_11_region.dds" />
    <Image Include="upgrades\F122_WI_06-icon-1024x576.png">
      <Filter>Resource Files</Filter>
    </Image>
    <Image Include="upgrades\F122_WI_06-icon-128x72.png">
      <Filter>Resource Files</Filter>
    </Image>
    <Image Include="upgrades\F122_WI_06-icon-2048x1152.png">
      <Filter>Resource Files</Filter>
    </Image>
    <Image Include="upgrades\F122_WI_06-icon-256x144.png">
      <Filter>Resource Files</Filter>
    </Image>
    <Image Include="upgrades\F122_WI_06-icon-512x288.png">
      <Filter>Resource Files</Filter>
    </Image>
    <Image Include="upgrades\F122_WI_06.dds" />
    <Image Include="upgrades\F122_WI_06Driver.dds" />
    <Image Include="upgrades\F122_WI_06HelmetNew.dds" />
    <Image Include="upgrades\F122_WI_06icon.png">
      <Filter>Resource Files</Filter>
    </Image>
    <Image Include="upgrades\F122_WI_06Rims.dds" />
    <Image Include="upgrades\F122_WI_06Stickers.dds" />
    <Image Include="upgrades\F122_WI_06_region.dds" />
    <Image Include="upgrades\F122_WI_23-icon-1024x576.png">
      <Filter>Resource Files</Filter>
    </Image>
    <Image Include="upgrades\F122_WI_23-icon-128x72.png">
      <Filter>Resource Files</Filter>
    </Image>
    <Image Include="upgrades\F122_WI_23-icon-2048x1152.png">
      <Filter>Resource Files</Filter>
    </Image>
    <Image Include="upgrades\F122_WI_23-icon-256x144.png">
      <Filter>Resource Files</Filter>
    </Image>
    <Image Include="upgrades\F122_WI_23-icon-512x288.png">
      <Filter>Resource Files</Filter>
    </Image>
    <Image Include="upgrades\F122_WI_23.dds" />
    <Image Include="upgrades\F122_WI_23Driver.dds" />
    <Image Include="upgrades\F122_WI_23HelmetNew.dds" />
    <Image Include="upgrades\F122_WI_23icon.png">
      <Filter>Resource Files</Filter>
    </Image>
    <Image Include="upgrades\F122_WI_23Rims.dds" />
    <Image Include="upgrades\F122_WI_23Stickers.dds" />
    <Image Include="upgrades\F122_WI_23_region.dds" />
    <Image Include="brand_ASMG_FH22.png">
      <Filter>Resource Files</Filter>
    </Image>
    <Image Include="brand_logo.png">
      <Filter>Resource Files</Filter>
    </Image>
    <Image Include="maps\asmg_fh22_body_s.dds" />
    <Image Include="maps\asmg_fh22_cam_lens.dds" />
    <Image Include="maps\asmg_fh22_cockpit_sticker.dds" />
    <Image Include="maps\asmg_fh22_damage.dds" />
    <Image Include="maps\asmg_fh22_damage_b.dds" />
    <Image Include="maps\asmg_fh22_exhaust.dds" />
    <Image Include="maps\asmg_fh22_generics.dds" />
    <Image Include="maps\asmg_fh22_lights.dds" />
    <Image Include="maps\asmg_fh22_lights00.dds" />
    <Image Include="maps\asmg_fh22_lights01.dds" />
    <Image Include="maps\asmg_fh22_region.dds" />
    <Image Include="maps\asmg_fh22_rims.dds" />
    <Image Include="maps\asmg_fh22_screws.dds" />
    <Image Include="maps\asmg_fh22_swheel_int.dds" />
    <Image Include="maps\asmg_fh22_swheel_lcd.dds" />
    <Image Include="maps\asmg_fh22_swheel_stickers.dds" />
    <Image Include="maps\bbiasbk.tga" />
    <Image Include="maps\black.dds" />
    <Image Include="maps\bump.dds" />
    <Image Include="maps\carbon.dds" />
    <Image Include="maps\carbon_b.dds" />
    <Image Include="maps\carbon_s.dds" />
    <Image Include="maps\cockpit_AO.dds" />
    <Image Include="maps\fis_undershadow.dds" />
    <Image Include="maps\fuelbk.tga" />
    <Image Include="maps\gearbk.tga" />
    <Image Include="maps\generic_twall_inside_b.dds" />
    <Image Include="maps\generic_twall_inside_b00.dds" />
    <Image Include="maps\generic_twall_inside_b01.dds" />
    <Image Include="maps\generic_twall_inside_b02.dds" />
    <Image Include="maps\generic_twall_inside_b03.dds" />
    <Image Include="maps\generic_twall_inside_d.dds" />
    <Image Include="maps\generic_twall_inside_d00.dds" />
    <Image Include="maps\generic_twall_inside_d01.dds" />
    <Image Include="maps\generic_twall_inside_d02.dds" />
    <Image Include="maps\generic_twall_inside_d03.dds" />
    <Image Include="maps\generic_twall_inside_s.dds" />
    <Image Include="maps\generic_twall_inside_s00.dds" />
    <Image Include="maps\generic_twall_inside_s01.dds" />
    <Image Include="maps\generic_twall_inside_s02.dds" />
    <Image Include="maps\generic_twall_inside_s03.dds" />
    <Image Include="maps\glove_2018.dds" />
    <Image Include="maps\glove_2018_b.dds" />
    <Image Include="maps\glove_2018_s.dds" />
    <Image Include="maps\helmet_fabric.dds" />
    <Image Include="maps\helmet_template.dds" />
    <Image Include="maps\helmet_template_b.dds" />
    <Image Include="maps\helmet_template_s.dds" />
    <Image Include="maps\helmet2014_template.dds" />
    <Image Include="maps\helmet2014_template_b.dds" />
    <Image Include="maps\helmet2014_template_s.dds" />
    <Image Include="maps\laptimebk.tga" />
    <Image Include="maps\lcd_fonts_c.bmp">
      <Filter>Resource Files</Filter>
    </Image>
    <Image Include="maps\lcd_fonts_r.bmp">
      <Filter>Resource Files</Filter>
    </Image>
    <Image Include="maps\lcd_fonts_w.bmp">
      <Filter>Resource Files</Filter>
    </Image>
    <Image Include="maps\lcd_fonts_y.bmp">
      <Filter>Resource Files</Filter>
    </Image>
    <Image Include="maps\ledlfbk.tga" />
    <Image Include="maps\ledlfbk00.tga" />
    <Image Include="maps\ledlfbk01.tga" />
    <Image Include="maps\ledrfs.tga" />
    <Image Include="maps\ledrfs00.tga" />
    <Image Include="maps\ledrfs01.tga" />
    <Image Include="maps\ledrfs02.tga" />
    <Image Include="maps\ledrfs03.tga" />
    <Image Include="maps\metal_dark.dds" />
    <Image Include="maps\metal_gold.dds" />
    <Image Include="maps\metal_grey.dds" />
    <Image Include="maps\metal_red.dds" />
    <Image Include="maps\metal_roughness.dds" />
    <Image Include="maps\metal_roughness_light.dds" />
    <Image Include="maps\metal_roughness_sm.dds" />
    <Image Include="maps\metal_shiny.dds" />
    <Image Include="maps\MetallicNoise.dds" />
    <Image Include="maps\mirror.bmp">
      <Filter>Resource Files</Filter>
    </Image>
    <Image Include="maps\mirror_ext.dds" />
    <Image Include="maps\mixmapbk.tga" />
    <Image Include="maps\oilbk.tga" />
    <Image Include="maps\rF2_driver2016.dds" />
    <Image Include="maps\rF2_driver2016_b.dds" />
    <Image Include="maps\rF2_driver2016_s.dds" />
    <Image Include="maps\rpm_lights.dds" />
    <Image Include="maps\rpm_lights00.dds" />
    <Image Include="maps\rpm_lights01.dds" />
    <Image Include="maps\rpmbk.tga" />
    <Image Include="maps\spec.dds" />
    <Image Include="maps\speedbk.tga" />
    <Image Include="maps\srpl_envmap_carbody.dds" />
    <Image Include="maps\srpl_envmap_generics.dds" />
    <Image Include="maps\srpl_envmap_glass.dds" />
    <Image Include="maps\suede_beige.dds" />
    <Image Include="maps\suede_beige_b.dds" />
    <Image Include="maps\suit_fabric.dds" />
    <Image Include="maps\texturegen.dds" />
    <Image Include="maps\tpresslfbk.tga" />
    <Image Include="maps\tpresslrbk.tga" />
    <Image Include="maps\tpressrfbk.tga" />
    <Image Include="maps\tpressrrbk.tga" />
    <Image Include="maps\track_map.dds" />
    <Image Include="maps\track_map_s.dds" />
    <Image Include="maps\transparent.dds" />
    <Image Include="maps\tyres_f1_pirelli_tread.dds" />
    <Image Include="maps\tyres_f1_pirelli_tread_b.dds" />
    <Image Include="maps\tyres_f1_pirelli_tread_b00.dds" />
    <Image Include="maps\tyres_f1_pirelli_tread_b01.dds" />
    <Image Include="maps\tyres_f1_pirelli_tread_b02.dds" />
    <Image Include="maps\tyres_f1_pirelli_tread_b03.dds" />
    <Image Include="maps\tyres_f1_pirelli_tread_b04.dds" />
    <Image Include="maps\tyres_f1_pirelli_tread_b05.dds" />
    <Image Include="maps\tyres_f1_pirelli_tread_b06.dds" />
    <Image Include="maps\tyres_f1_pirelli_tread_b07.dds" />
    <Image Include="maps\tyres_f1_pirelli_tread_b08.dds" />
    <Image Include="maps\tyres_f1_pirelli_tread_b09.dds" />
    <Image Include="maps\tyres_f1_pirelli_tread_b10.dds" />
    <Image Include="maps\tyres_f1_pirelli_tread_b11.dds" />
    <Image Include="maps\tyres_f1_pirelli_tread_b12.dds" />
    <Image Include="maps\tyres_f1_pirelli_tread_b13.dds" />
    <Image Include="maps\tyres_f1_pirelli_tread_b14.dds" />
    <Image Include="maps\tyres_f1_pirelli_tread_b15.dds" />
    <Image Include="maps\tyres_f1_pirelli_tread_b16.dds" />
    <Image Include="maps\tyres_f1_pirelli_tread_b17.dds" />
    <Image Include="maps\tyres_f1_pirelli_tread_b18.dds" />
    <Image Include="maps\tyres_f1_pirelli_tread_b19.dds" />
    <Image Include="maps\tyres_f1_pirelli_tread_s.dds" />
    <Image Include="maps\tyres_f1_pirelli_tread_s00.dds" />
    <Image Include="maps\tyres_f1_pirelli_tread_s01.dds" />
    <Image Include="maps\tyres_f1_pirelli_tread_s02.dds" />
    <Image Include="maps\tyres_f1_pirelli_tread_s03.dds" />
    <Image Include="maps\tyres_f1_pirelli_tread_s04.dds" />
    <Image Include="maps\tyres_f1_pirelli_tread_s05.dds" />
    <Image Include="maps\tyres_f1_pirelli_tread_s06.dds" />
    <Image Include="maps\tyres_f1_pirelli_tread_s07.dds" />
    <Image Include="maps\tyres_f1_pirelli_tread_s08.dds" />
    <Image Include="maps\tyres_f1_pirelli_tread_s09.dds" />
    <Image Include="maps\tyres_f1_pirelli_tread_s10.dds" />
    <Image Include="maps\tyres_f1_pirelli_tread_s11.dds" />
    <Image Include="maps\tyres_f1_pirelli_tread_s12.dds" />
    <Image Include="maps\tyres_f1_pirelli_tread_s13.dds" />
    <Image Include="maps\tyres_f1_pirelli_tread_s14.dds" />
    <Image Include="maps\tyres_f1_pirelli_tread_s15.dds" />
    <Image Include="maps\tyres_f1_pirelli_tread_s16.dds" />
    <Image Include="maps\tyres_f1_pirelli_tread_s17.dds" />
    <Image Include="maps\tyres_f1_pirelli_tread_s18.dds" />
    <Image Include="maps\tyres_f1_pirelli_tread_s19.dds" />
    <Image Include="maps\tyres_f1_pirelli_tread00.dds" />
    <Image Include="maps\tyres_f1_pirelli_tread01.dds" />
    <Image Include="maps\tyres_f1_pirelli_tread02.dds" />
    <Image Include="maps\tyres_f1_pirelli_tread03.dds" />
    <Image Include="maps\tyres_f1_pirelli_tread04.dds" />
    <Image Include="maps\tyres_f1_pirelli_tread05.dds" />
    <Image Include="maps\tyres_f1_pirelli_tread06.dds" />
    <Image Include="maps\tyres_f1_pirelli_tread07.dds" />
    <Image Include="maps\tyres_f1_pirelli_tread08.dds" />
    <Image Include="maps\tyres_f1_pirelli_tread09.dds" />
    <Image Include="maps\tyres_f1_pirelli_tread10.dds" />
    <Image Include="maps\tyres_f1_pirelli_tread11.dds" />
    <Image Include="maps\tyres_f1_pirelli_tread12.dds" />
    <Image Include="maps\tyres_f1_pirelli_tread13.dds" />
    <Image Include="maps\tyres_f1_pirelli_tread14.dds" />
    <Image Include="maps\tyres_f1_pirelli_tread15.dds" />
    <Image Include="maps\tyres_f1_pirelli_tread16.dds" />
    <Image Include="maps\tyres_f1_pirelli_tread17.dds" />
    <Image Include="maps\tyres_f1_pirelli_tread18.dds" />
    <Image Include="maps\tyres_f1_pirelli_tread19.dds" />
    <Image Include="maps\tyres_f1_pirelli_twall.dds" />
    <Image Include="maps\tyres_f1_pirelli_twall_b.dds" />
    <Image Include="maps\tyres_f1_pirelli_twall_b00.dds" />
    <Image Include="maps\tyres_f1_pirelli_twall_b01.dds" />
    <Image Include="maps\tyres_f1_pirelli_twall_b02.dds" />
    <Image Include="maps\tyres_f1_pirelli_twall_b03.dds" />
    <Image Include="maps\tyres_f1_pirelli_twall_b04.dds" />
    <Image Include="maps\tyres_f1_pirelli_twall_b05.dds" />
    <Image Include="maps\tyres_f1_pirelli_twall_b06.dds" />
    <Image Include="maps\tyres_f1_pirelli_twall_b07.dds" />
    <Image Include="maps\tyres_f1_pirelli_twall_b08.dds" />
    <Image Include="maps\tyres_f1_pirelli_twall_b09.dds" />
    <Image Include="maps\tyres_f1_pirelli_twall_b10.dds" />
    <Image Include="maps\tyres_f1_pirelli_twall_b11.dds" />
    <Image Include="maps\tyres_f1_pirelli_twall_b12.dds" />
    <Image Include="maps\tyres_f1_pirelli_twall_b13.dds" />
    <Image Include="maps\tyres_f1_pirelli_twall_b14.dds" />
    <Image Include="maps\tyres_f1_pirelli_twall_b15.dds" />
    <Image Include="maps\tyres_f1_pirelli_twall_b16.dds" />
    <Image Include="maps\tyres_f1_pirelli_twall_b17.dds" />
    <Image Include="maps\tyres_f1_pirelli_twall_b18.dds" />
    <Image Include="maps\tyres_f1_pirelli_twall_b19.dds" />
    <Image Include="maps\tyres_f1_pirelli_twall_s.dds" />
    <Image Include="maps\tyres_f1_pirelli_twall_s00.dds" />
    <Image Include="maps\tyres_f1_pirelli_twall_s01.dds" />
    <Image Include="maps\tyres_f1_pirelli_twall_s02.dds" />
    <Image Include="maps\tyres_f1_pirelli_twall_s03.dds" />
    <Image Include="maps\tyres_f1_pirelli_twall_s04.dds" />
    <Image Include="maps\tyres_f1_pirelli_twall_s05.dds" />
    <Image Include="maps\tyres_f1_pirelli_twall_s06.dds" />
    <Image Include="maps\tyres_f1_pirelli_twall_s07.dds" />
    <Image Include="maps\tyres_f1_pirelli_twall_s08.dds" />
    <Image Include="maps\tyres_f1_pirelli_twall_s09.dds" />
    <Image Include="maps\tyres_f1_pirelli_twall_s10.dds" />
    <Image Include="maps\tyres_f1_pirelli_twall_s11.dds" />
    <Image Include="maps\tyres_f1_pirelli_twall_s12.dds" />
    <Image Include="maps\tyres_f1_pirelli_twall_s13.dds" />
    <Image Include="maps\tyres_f1_pirelli_twall_s14.dds" />
    <Image Include="maps\tyres_f1_pirelli_twall_s15.dds" />
    <Image Include="maps\tyres_f1_pirelli_twall_s16.dds" />
    <Image Include="maps\tyres_f1_pirelli_twall_s17.dds" />
    <Image Include="maps\tyres_f1_pirelli_twall_s18.dds" />
    <Image Include="maps\tyres_f1_pirelli_twall_s19.dds" />
    <Image Include="maps\tyres_f1_pirelli_twall00.dds" />
    <Image Include="maps\tyres_f1_pirelli_twall01.dds" />
    <Image Include="maps\tyres_f1_pirelli_twall02.dds" />
    <Image Include="maps\tyres_f1_pirelli_twall03.dds" />
    <Image Include="maps\tyres_f1_pirelli_twall04.dds" />
    <Image Include="maps\tyres_f1_pirelli_twall05.dds" />
    <Image Include="maps\tyres_f1_pirelli_twall06.dds" />
    <Image Include="maps\tyres_f1_pirelli_twall07.dds" />
    <Image Include="maps\tyres_f1_pirelli_twall08.dds" />
    <Image Include="maps\tyres_f1_pirelli_twall09.dds" />
    <Image Include="maps\tyres_f1_pirelli_twall10.dds" />
    <Image Include="maps\tyres_f1_pirelli_twall11.dds" />
    <Image Include="maps\tyres_f1_pirelli_twall12.dds" />
    <Image Include="maps\tyres_f1_pirelli_twall13.dds" />
    <Image Include="maps\tyres_f1_pirelli_twall14.dds" />
    <Image Include="maps\tyres_f1_pirelli_twall15.dds" />
    <Image Include="maps\tyres_f1_pirelli_twall16.dds" />
    <Image Include="maps\tyres_f1_pirelli_twall17.dds" />
    <Image Include="maps\tyres_f1_pirelli_twall18.dds" />
    <Image Include="maps\tyres_f1_pirelli_twall19.dds" />
    <Image Include="maps\tyres_tread_d.dds" />
    <Image Include="maps\tyres_tread_d_b.dds" />
    <Image Include="maps\tyres_tread_d_s.dds" />
    <Image Include="maps\tyres_twall_d.dds" />
    <Image Include="maps\tyres_twall_d_b.dds" />
    <Image Include="maps\tyres_twall_d_s.dds" />
    <Image Include="maps\undershadow.dds" />
    <Image Include="maps\veh_ripple_map.png">
      <Filter>Resource Files</Filter>
    </Image>
    <Image Include="maps\veh_ripple_map_video.png">
      <Filter>Resource Files</Filter>
    </Image>
    <Image Include="maps\windshield.dds" />
    <Image Include="teams\F122_AL\F122_AL_14.dds" />
    <Image Include="teams\F122_AL\F122_AL_14_region.dds" />
    <Image Include="teams\F122_AL\F122_AL_14Driver.dds" />
    <Image Include="teams\F122_AL\F122_AL_14Gloves.dds" />
    <Image Include="teams\F122_AL\F122_AL_14HelmetNew.dds" />
    <Image Include="teams\F122_AL\F122_AL_14icon.png">
      <Filter>Resource Files</Filter>
    </Image>
    <Image Include="teams\F122_AL\F122_AL_14-icon-128x72.png">
      <Filter>Resource Files</Filter>
    </Image>
    <Image Include="teams\F122_AL\F122_AL_14-icon-256x144.png">
      <Filter>Resource Files</Filter>
    </Image>
    <Image Include="teams\F122_AL\F122_AL_14-icon-512x288.png">
      <Filter>Resource Files</Filter>
    </Image>
    <Image Include="teams\F122_AL\F122_AL_14-icon-1024x576.png">
      <Filter>Resource Files</Filter>
    </Image>
    <Image Include="teams\F122_AL\F122_AL_14-icon-2048x1152.png">
      <Filter>Resource Files</Filter>
    </Image>
    <Image Include="teams\F122_AL\F122_AL_14Rims.dds" />
    <Image Include="teams\F122_AL\F122_AL_14Stickers.dds" />
    <Image Include="teams\F122_AL\F122_AL_31.dds" />
    <Image Include="teams\F122_AL\F122_AL_31_region.dds" />
    <Image Include="teams\F122_AL\F122_AL_31Driver.dds" />
    <Image Include="teams\F122_AL\F122_AL_31Gloves.dds" />
    <Image Include="teams\F122_AL\F122_AL_31HelmetNew.dds" />
    <Image Include="teams\F122_AL\F122_AL_31icon.png">
      <Filter>Resource Files</Filter>
    </Image>
    <Image Include="teams\F122_AL\F122_AL_31-icon-128x72.png">
      <Filter>Resource Files</Filter>
    </Image>
    <Image Include="teams\F122_AL\F122_AL_31-icon-256x144.png">
      <Filter>Resource Files</Filter>
    </Image>
    <Image Include="teams\F122_AL\F122_AL_31-icon-512x288.png">
      <Filter>Resource Files</Filter>
    </Image>
    <Image Include="teams\F122_AL\F122_AL_31-icon-1024x576.png">
      <Filter>Resource Files</Filter>
    </Image>
    <Image Include="teams\F122_AL\F122_AL_31-icon-2048x1152.png">
      <Filter>Resource Files</Filter>
    </Image>
    <Image Include="teams\F122_AL\F122_AL_31Rims.dds" />
    <Image Include="teams\F122_AL\F122_AL_31Stickers.dds" />
    <Image Include="teams\F122_AM\F122_AM_05.dds" />
    <Image Include="teams\F122_AM\F122_AM_05_region.dds" />
    <Image Include="teams\F122_AM\F122_AM_05Driver.dds" />
    <Image Include="teams\F122_AM\F122_AM_05Gloves.dds" />
    <Image Include="teams\F122_AM\F122_AM_05HelmetNew.dds" />
    <Image Include="teams\F122_AM\F122_AM_05icon.png">
      <Filter>Resource Files</Filter>
    </Image>
    <Image Include="teams\F122_AM\F122_AM_05-icon-128x72.png">
      <Filter>Resource Files</Filter>
    </Image>
    <Image Include="teams\F122_AM\F122_AM_05-icon-256x144.png">
      <Filter>Resource Files</Filter>
    </Image>
    <Image Include="teams\F122_AM\F122_AM_05-icon-512x288.png">
      <Filter>Resource Files</Filter>
    </Image>
    <Image Include="teams\F122_AM\F122_AM_05-icon-1024x576.png">
      <Filter>Resource Files</Filter>
    </Image>
    <Image Include="teams\F122_AM\F122_AM_05-icon-2048x1152.png">
      <Filter>Resource Files</Filter>
    </Image>
    <Image Include="teams\F122_AM\F122_AM_05Rims.dds" />
    <Image Include="teams\F122_AM\F122_AM_05Stickers.dds" />
    <Image Include="teams\F122_AM\F122_AM_18.dds" />
    <Image Include="teams\F122_AM\F122_AM_18_region.dds" />
    <Image Include="teams\F122_AM\F122_AM_18Driver.dds" />
    <Image Include="teams\F122_AM\F122_AM_18Gloves.dds" />
    <Image Include="teams\F122_AM\F122_AM_18HelmetNew.dds" />
    <Image Include="teams\F122_AM\F122_AM_18icon.png">
      <Filter>Resource Files</Filter>
    </Image>
    <Image Include="teams\F122_AM\F122_AM_18-icon-128x72.png">
      <Filter>Resource Files</Filter>
    </Image>
    <Image Include="teams\F122_AM\F122_AM_18-icon-256x144.png">
      <Filter>Resource Files</Filter>
    </Image>
    <Image Include="teams\F122_AM\F122_AM_18-icon-512x288.png">
      <Filter>Resource Files</Filter>
    </Image>
    <Image Include="teams\F122_AM\F122_AM_18-icon-1024x576.png">
      <Filter>Resource Files</Filter>
    </Image>
    <Image Include="teams\F122_AM\F122_AM_18-icon-2048x1152.png">
      <Filter>Resource Files</Filter>
    </Image>
    <Image Include="teams\F122_AM\F122_AM_18Rims.dds" />
    <Image Include="teams\F122_AM\F122_AM_18Stickers.dds" />
    <Image Include="teams\F122_AR\F122_AR_24.dds" />
    <Image Include="teams\F122_AR\F122_AR_24_region.dds" />
    <Image Include="teams\F122_AR\F122_AR_24Driver.dds" />
    <Image Include="teams\F122_AR\F122_AR_24HelmetNew.dds" />
    <Image Include="teams\F122_AR\F122_AR_24icon.png">
      <Filter>Resource Files</Filter>
    </Image>
    <Image Include="teams\F122_AR\F122_AR_24-icon-128x72.png">
      <Filter>Resource Files</Filter>
    </Image>
    <Image Include="teams\F122_AR\F122_AR_24-icon-256x144.png">
      <Filter>Resource Files</Filter>
    </Image>
    <Image Include="teams\F122_AR\F122_AR_24-icon-512x288.png">
      <Filter>Resource Files</Filter>
    </Image>
    <Image Include="teams\F122_AR\F122_AR_24-icon-1024x576.png">
      <Filter>Resource Files</Filter>
    </Image>
    <Image Include="teams\F122_AR\F122_AR_24-icon-2048x1152.png">
      <Filter>Resource Files</Filter>
    </Image>
    <Image Include="teams\F122_AR\F122_AR_24Rims.dds" />
    <Image Include="teams\F122_AR\F122_AR_24Stickers.dds" />
    <Image Include="teams\F122_AR\F122_AR_77.dds" />
    <Image Include="teams\F122_AR\F122_AR_77_region.dds" />
    <Image Include="teams\F122_AR\F122_AR_77Driver.dds" />
    <Image Include="teams\F122_AR\F122_AR_77HelmetNew.dds" />
    <Image Include="teams\F122_AR\F122_AR_77icon.png">
      <Filter>Resource Files</Filter>
    </Image>
    <Image Include="teams\F122_AR\F122_AR_77-icon-128x72.png">
      <Filter>Resource Files</Filter>
    </Image>
    <Image Include="teams\F122_AR\F122_AR_77-icon-256x144.png">
      <Filter>Resource Files</Filter>
    </Image>
    <Image Include="teams\F122_AR\F122_AR_77-icon-512x288.png">
      <Filter>Resource Files</Filter>
    </Image>
    <Image Include="teams\F122_AR\F122_AR_77-icon-1024x576.png">
      <Filter>Resource Files</Filter>
    </Image>
    <Image Include="teams\F122_AR\F122_AR_77-icon-2048x1152.png">
      <Filter>Resource Files</Filter>
    </Image>
    <Image Include="teams\F122_AR\F122_AR_77Rims.dds" />
    <Image Include="teams\F122_AR\F122_AR_77Stickers.dds" />
    <Image Include="teams\F122_AT\F122_AT_10.dds" />
    <Image Include="teams\F122_AT\F122_AT_10_region.dds" />
    <Image Include="teams\F122_AT\F122_AT_10Driver.dds" />
    <Image Include="teams\F122_AT\F122_AT_10HelmetNew.dds" />
    <Image Include="teams\F122_AT\F122_AT_10icon.png">
      <Filter>Resource Files</Filter>
    </Image>
    <Image Include="teams\F122_AT\F122_AT_10-icon-128x72.png">
      <Filter>Resource Files</Filter>
    </Image>
    <Image Include="teams\F122_AT\F122_AT_10-icon-256x144.png">
      <Filter>Resource Files</Filter>
    </Image>
    <Image Include="teams\F122_AT\F122_AT_10-icon-512x288.png">
      <Filter>Resource Files</Filter>
    </Image>
    <Image Include="teams\F122_AT\F122_AT_10-icon-1024x576.png">
      <Filter>Resource Files</Filter>
    </Image>
    <Image Include="teams\F122_AT\F122_AT_10-icon-2048x1152.png">
      <Filter>Resource Files</Filter>
    </Image>
    <Image Include="teams\F122_AT\F122_AT_10Rims.dds" />
    <Image Include="teams\F122_AT\F122_AT_10Stickers.dds" />
    <Image Include="teams\F122_AT\F122_AT_22.dds" />
    <Image Include="teams\F122_AT\F122_AT_22_region.dds" />
    <Image Include="teams\F122_AT\F122_AT_22Driver.dds" />
    <Image Include="teams\F122_AT\F122_AT_22HelmetNew.dds" />
    <Image Include="teams\F122_AT\F122_AT_22icon.png">
      <Filter>Resource Files</Filter>
    </Image>
    <Image Include="teams\F122_AT\F122_AT_22-icon-128x72.png">
      <Filter>Resource Files</Filter>
    </Image>
    <Image Include="teams\F122_AT\F122_AT_22-icon-256x144.png">
      <Filter>Resource Files</Filter>
    </Image>
    <Image Include="teams\F122_AT\F122_AT_22-icon-512x288.png">
      <Filter>Resource Files</Filter>
    </Image>
    <Image Include="teams\F122_AT\F122_AT_22-icon-1024x576.png">
      <Filter>Resource Files</Filter>
    </Image>
    <Image Include="teams\F122_AT\F122_AT_22-icon-2048x1152.png">
      <Filter>Resource Files</Filter>
    </Image>
    <Image Include="teams\F122_AT\F122_AT_22Rims.dds" />
    <Image Include="teams\F122_AT\F122_AT_22Stickers.dds" />
    <Image Include="teams\F122_FE\F122_FE_16.dds" />
    <Image Include="teams\F122_FE\F122_FE_16_region.dds" />
    <Image Include="teams\F122_FE\F122_FE_16Driver.dds" />
    <Image Include="teams\F122_FE\F122_FE_16HelmetNew.dds" />
    <Image Include="teams\F122_FE\F122_FE_16icon.png">
      <Filter>Resource Files</Filter>
    </Image>
    <Image Include="teams\F122_FE\F122_FE_16-icon-128x72.png">
      <Filter>Resource Files</Filter>
    </Image>
    <Image Include="teams\F122_FE\F122_FE_16-icon-256x144.png">
      <Filter>Resource Files</Filter>
    </Image>
    <Image Include="teams\F122_FE\F122_FE_16-icon-512x288.png">
      <Filter>Resource Files</Filter>
    </Image>
    <Image Include="teams\F122_FE\F122_FE_16-icon-1024x576.png">
      <Filter>Resource Files</Filter>
    </Image>
    <Image Include="teams\F122_FE\F122_FE_16-icon-2048x1152.png">
      <Filter>Resource Files</Filter>
    </Image>
    <Image Include="teams\F122_FE\F122_FE_16Rims.dds" />
    <Image Include="teams\F122_FE\F122_FE_16Stickers.dds" />
    <Image Include="teams\F122_FE\F122_FE_55.dds" />
    <Image Include="teams\F122_FE\F122_FE_55_region.dds" />
    <Image Include="teams\F122_FE\F122_FE_55Driver.dds" />
    <Image Include="teams\F122_FE\F122_FE_55HelmetNew.dds" />
    <Image Include="teams\F122_FE\F122_FE_55icon.png">
      <Filter>Resource Files</Filter>
    </Image>
    <Image Include="teams\F122_FE\F122_FE_55-icon-128x72.png">
      <Filter>Resource Files</Filter>
    </Image>
    <Image Include="teams\F122_FE\F122_FE_55-icon-256x144.png">
      <Filter>Resource Files</Filter>
    </Image>
    <Image Include="teams\F122_FE\F122_FE_55-icon-512x288.png">
      <Filter>Resource Files</Filter>
    </Image>
    <Image Include="teams\F122_FE\F122_FE_55-icon-1024x576.png">
      <Filter>Resource Files</Filter>
    </Image>
    <Image Include="teams\F122_FE\F122_FE_55-icon-2048x1152.png">
      <Filter>Resource Files</Filter>
    </Image>
    <Image Include="teams\F122_FE\F122_FE_55Rims.dds" />
    <Image Include="teams\F122_FE\F122_FE_55Stickers.dds" />
    <Image Include="teams\F122_HA\F122_HA_20.dds" />
    <Image Include="teams\F122_HA\F122_HA_20_region.dds" />
    <Image Include="teams\F122_HA\F122_HA_20Driver.dds" />
    <Image Include="teams\F122_HA\F122_HA_20HelmetNew.dds" />
    <Image Include="teams\F122_HA\F122_HA_20icon.png">
      <Filter>Resource Files</Filter>
    </Image>
    <Image Include="teams\F122_HA\F122_HA_20-icon-128x72.png">
      <Filter>Resource Files</Filter>
    </Image>
    <Image Include="teams\F122_HA\F122_HA_20-icon-256x144.png">
      <Filter>Resource Files</Filter>
    </Image>
    <Image Include="teams\F122_HA\F122_HA_20-icon-512x288.png">
      <Filter>Resource Files</Filter>
    </Image>
    <Image Include="teams\F122_HA\F122_HA_20-icon-1024x576.png">
      <Filter>Resource Files</Filter>
    </Image>
    <Image Include="teams\F122_HA\F122_HA_20-icon-2048x1152.png">
      <Filter>Resource Files</Filter>
    </Image>
    <Image Include="teams\F122_HA\F122_HA_20Stickers.dds" />
    <Image Include="teams\F122_HA\F122_HA_47.dds" />
    <Image Include="teams\F122_HA\F122_HA_47_region.dds" />
    <Image Include="teams\F122_HA\F122_HA_47Driver.dds" />
    <Image Include="teams\F122_HA\F122_HA_47HelmetNew.dds" />
    <Image Include="teams\F122_HA\F122_HA_47icon.png">
      <Filter>Resource Files</Filter>
    </Image>
    <Image Include="teams\F122_HA\F122_HA_47-icon-128x72.png">
      <Filter>Resource Files</Filter>
    </Image>
    <Image Include="teams\F122_HA\F122_HA_47-icon-256x144.png">
      <Filter>Resource Files</Filter>
    </Image>
    <Image Include="teams\F122_HA\F122_HA_47-icon-512x288.png">
      <Filter>Resource Files</Filter>
    </Image>
    <Image Include="teams\F122_HA\F122_HA_47-icon-1024x576.png">
      <Filter>Resource Files</Filter>
    </Image>
    <Image Include="teams\F122_HA\F122_HA_47-icon-2048x1152.png">
      <Filter>Resource Files</Filter>
    </Image>
    <Image Include="teams\F122_HA\F122_HA_47Stickers.dds" />
    <Image Include="teams\F122_MC\F122_MC_03.dds" />
    <Image Include="teams\F122_MC\F122_MC_03_region.dds" />
    <Image Include="teams\F122_MC\F122_MC_03Driver.dds" />
    <Image Include="teams\F122_MC\F122_MC_03HelmetNew.dds" />
    <Image Include="teams\F122_MC\F122_MC_03icon.png">
      <Filter>Resource Files</Filter>
    </Image>
    <Image Include="teams\F122_MC\F122_MC_03-icon-128x72.png">
      <Filter>Resource Files</Filter>
    </Image>
    <Image Include="teams\F122_MC\F122_MC_03-icon-256x144.png">
      <Filter>Resource Files</Filter>
    </Image>
    <Image Include="teams\F122_MC\F122_MC_03-icon-512x288.png">
      <Filter>Resource Files</Filter>
    </Image>
    <Image Include="teams\F122_MC\F122_MC_03-icon-1024x576.png">
      <Filter>Resource Files</Filter>
    </Image>
    <Image Include="teams\F122_MC\F122_MC_03-icon-2048x1152.png">
      <Filter>Resource Files</Filter>
    </Image>
    <Image Include="teams\F122_MC\F122_MC_03Rims.dds" />
    <Image Include="teams\F122_MC\F122_MC_03Stickers.dds" />
    <Image Include="teams\F122_MC\F122_MC_04.dds" />
    <Image Include="teams\F122_MC\F122_MC_04_region.dds" />
    <Image Include="teams\F122_MC\F122_MC_04Driver.dds" />
    <Image Include="teams\F122_MC\F122_MC_04HelmetNew.dds" />
    <Image Include="teams\F122_MC\F122_MC_04icon.png">
      <Filter>Resource Files</Filter>
    </Image>
    <Image Include="teams\F122_MC\F122_MC_04-icon-128x72.png">
      <Filter>Resource Files</Filter>
    </Image>
    <Image Include="teams\F122_MC\F122_MC_04-icon-256x144.png">
      <Filter>Resource Files</Filter>
    </Image>
    <Image Include="teams\F122_MC\F122_MC_04-icon-512x288.png">
      <Filter>Resource Files</Filter>
    </Image>
    <Image Include="teams\F122_MC\F122_MC_04-icon-1024x576.png">
      <Filter>Resource Files</Filter>
    </Image>
    <Image Include="teams\F122_MC\F122_MC_04-icon-2048x1152.png">
      <Filter>Resource Files</Filter>
    </Image>
    <Image Include="teams\F122_MC\F122_MC_04Rims.dds" />
    <Image Include="teams\F122_MC\F122_MC_04Stickers.dds" />
    <Image Include="teams\F122_ME\F122_ME_44.dds" />
    <Image Include="teams\F122_ME\F122_ME_44_region.dds" />
    <Image Include="teams\F122_ME\F122_ME_44Driver.dds" />
    <Image Include="teams\F122_ME\F122_ME_44HelmetNew.dds" />
    <Image Include="teams\F122_ME\F122_ME_44icon.png">
      <Filter>Resource Files</Filter>
    </Image>
    <Image Include="teams\F122_ME\F122_ME_44-icon-128x72.png">
      <Filter>Resource Files</Filter>
    </Image>
    <Image Include="teams\F122_ME\F122_ME_44-icon-256x144.png">
      <Filter>Resource Files</Filter>
    </Image>
    <Image Include="teams\F122_ME\F122_ME_44-icon-512x288.png">
      <Filter>Resource Files</Filter>
    </Image>
    <Image Include="teams\F122_ME\F122_ME_44-icon-1024x576.png">
      <Filter>Resource Files</Filter>
    </Image>
    <Image Include="teams\F122_ME\F122_ME_44-icon-2048x1152.png">
      <Filter>Resource Files</Filter>
    </Image>
    <Image Include="teams\F122_ME\F122_ME_44Rims.dds" />
    <Image Include="teams\F122_ME\F122_ME_44Stickers.dds" />
    <Image Include="teams\F122_ME\F122_ME_63.dds" />
    <Image Include="teams\F122_ME\F122_ME_63_region.dds" />
    <Image Include="teams\F122_ME\F122_ME_63Driver.dds" />
    <Image Include="teams\F122_ME\F122_ME_63HelmetNew.dds" />
    <Image Include="teams\F122_ME\F122_ME_63icon.png">
      <Filter>Resource Files</Filter>
    </Image>
    <Image Include="teams\F122_ME\F122_ME_63-icon-128x72.png">
      <Filter>Resource Files</Filter>
    </Image>
    <Image Include="teams\F122_ME\F122_ME_63-icon-256x144.png">
      <Filter>Resource Files</Filter>
    </Image>
    <Image Include="teams\F122_ME\F122_ME_63-icon-512x288.png">
      <Filter>Resource Files</Filter>
    </Image>
    <Image Include="teams\F122_ME\F122_ME_63-icon-1024x576.png">
      <Filter>Resource Files</Filter>
    </Image>
    <Image Include="teams\F122_ME\F122_ME_63-icon-2048x1152.png">
      <Filter>Resource Files</Filter>
    </Image>
    <Image Include="teams\F122_ME\F122_ME_63Rims.dds" />
    <Image Include="teams\F122_ME\F122_ME_63Stickers.dds" />
    <Image Include="teams\F122_RB\F122_RB_01.dds" />
    <Image Include="teams\F122_RB\F122_RB_01_region.dds" />
    <Image Include="teams\F122_RB\F122_RB_01Driver.dds" />
    <Image Include="teams\F122_RB\F122_RB_01Gloves.dds" />
    <Image Include="teams\F122_RB\F122_RB_01HelmetNew.dds" />
    <Image Include="teams\F122_RB\F122_RB_01icon.png">
      <Filter>Resource Files</Filter>
    </Image>
    <Image Include="teams\F122_RB\F122_RB_01-icon-128x72.png">
      <Filter>Resource Files</Filter>
    </Image>
    <Image Include="teams\F122_RB\F122_RB_01-icon-256x144.png">
      <Filter>Resource Files</Filter>
    </Image>
    <Image Include="teams\F122_RB\F122_RB_01-icon-512x288.png">
      <Filter>Resource Files</Filter>
    </Image>
    <Image Include="teams\F122_RB\F122_RB_01-icon-1024x576.png">
      <Filter>Resource Files</Filter>
    </Image>
    <Image Include="teams\F122_RB\F122_RB_01-icon-2048x1152.png">
      <Filter>Resource Files</Filter>
    </Image>
    <Image Include="teams\F122_RB\F122_RB_01Rims.dds" />
    <Image Include="teams\F122_RB\F122_RB_01Stickers.dds" />
    <Image Include="teams\F122_RB\F122_RB_11.dds" />
    <Image Include="teams\F122_RB\F122_RB_11_region.dds" />
    <Image Include="teams\F122_RB\F122_RB_11Driver.dds" />
    <Image Include="teams\F122_RB\F122_RB_11Gloves.dds" />
    <Image Include="teams\F122_RB\F122_RB_11HelmetNew.dds" />
    <Image Include="teams\F122_RB\F122_RB_11icon.png">
      <Filter>Resource Files</Filter>
    </Image>
    <Image Include="teams\F122_RB\F122_RB_11-icon-128x72.png">
      <Filter>Resource Files</Filter>
    </Image>
    <Image Include="teams\F122_RB\F122_RB_11-icon-256x144.png">
      <Filter>Resource Files</Filter>
    </Image>
    <Image Include="teams\F122_RB\F122_RB_11-icon-512x288.png">
      <Filter>Resource Files</Filter>
    </Image>
    <Image Include="teams\F122_RB\F122_RB_11-icon-1024x576.png">
      <Filter>Resource Files</Filter>
    </Image>
    <Image Include="teams\F122_RB\F122_RB_11-icon-2048x1152.png">
      <Filter>Resource Files</Filter>
    </Image>
    <Image Include="teams\F122_RB\F122_RB_11Rims.dds" />
    <Image Include="teams\F122_RB\F122_RB_11Stickers.dds" />
    <Image Include="teams\F122_WI\F122_WI_06.dds" />
    <Image Include="teams\F122_WI\F122_WI_06_region.dds" />
    <Image Include="teams\F122_WI\F122_WI_06Driver.dds" />
    <Image Include="teams\F122_WI\F122_WI_06HelmetNew.dds" />
    <Image Include="teams\F122_WI\F122_WI_06icon.png">
      <Filter>Resource Files</Filter>
    </Image>
    <Image Include="teams\F122_WI\F122_WI_06-icon-128x72.png">
      <Filter>Resource Files</Filter>
    </Image>
    <Image Include="teams\F122_WI\F122_WI_06-icon-256x144.png">
      <Filter>Resource Files</Filter>
    </Image>
    <Image Include="teams\F122_WI\F122_WI_06-icon-512x288.png">
      <Filter>Resource Files</Filter>
    </Image>
    <Image Include="teams\F122_WI\F122_WI_06-icon-1024x576.png">
      <Filter>Resource Files</Filter>
    </Image>
    <Image Include="teams\F122_WI\F122_WI_06-icon-2048x1152.png">
      <Filter>Resource Files</Filter>
    </Image>
    <Image Include="teams\F122_WI\F122_WI_06Rims.dds" />
    <Image Include="teams\F122_WI\F122_WI_06Stickers.dds" />
    <Image Include="teams\F122_WI\F122_WI_23.dds" />
    <Image Include="teams\F122_WI\F122_WI_23_region.dds" />
    <Image Include="teams\F122_WI\F122_WI_23Driver.dds" />
    <Image Include="teams\F122_WI\F122_WI_23HelmetNew.dds" />
    <Image Include="teams\F122_WI\F122_WI_23icon.png">
      <Filter>Resource Files</Filter>
    </Image>
    <Image Include="teams\F122_WI\F122_WI_23-icon-128x72.png">
      <Filter>Resource Files</Filter>
    </Image>
    <Image Include="teams\F122_WI\F122_WI_23-icon-256x144.png">
      <Filter>Resource Files</Filter>
    </Image>
    <Image Include="teams\F122_WI\F122_WI_23-icon-512x288.png">
      <Filter>Resource Files</Filter>
    </Image>
    <Image Include="teams\F122_WI\F122_WI_23-icon-1024x576.png">
      <Filter>Resource Files</Filter>
    </Image>
    <Image Include="teams\F122_WI\F122_WI_23-icon-2048x1152.png">
      <Filter>Resource Files</Filter>
    </Image>
    <Image Include="teams\F122_WI\F122_WI_23Rims.dds" />
    <Image Include="teams\F122_WI\F122_WI_23Stickers.dds" />
    <Image Include="teams\F22_CORONA\F122_Corona_91.dds" />
    <Image Include="teams\F22_CORONA\F122_Corona_91_region.dds" />
    <Image Include="teams\F22_CORONA\F122_Corona_91Driver.dds" />
    <Image Include="teams\F22_CORONA\F122_Corona_91Gloves.dds" />
    <Image Include="teams\F22_CORONA\F122_Corona_91HelmetNew.dds" />
    <Image Include="teams\F22_CORONA\F122_Corona_91icon.png">
      <Filter>Resource Files</Filter>
    </Image>
    <Image Include="teams\F22_CORONA\F122_Corona_91-icon-128x72.png">
      <Filter>Resource Files</Filter>
    </Image>
    <Image Include="teams\F22_CORONA\F122_Corona_91-icon-256x144.png">
      <Filter>Resource Files</Filter>
    </Image>
    <Image Include="teams\F22_CORONA\F122_Corona_91-icon-512x288.png">
      <Filter>Resource Files</Filter>
    </Image>
    <Image Include="teams\F22_CORONA\F122_Corona_91-icon-1024x576.png">
      <Filter>Resource Files</Filter>
    </Image>
    <Image Include="teams\F22_CORONA\F122_Corona_91-icon-2048x1152.png">
      <Filter>Resource Files</Filter>
    </Image>
    <Image Include="teams\F22_CORONA\F122_Corona_91Stickers.dds" />
    <Image Include="teams\F22_CORONA\F122_Corona_91Rims.dds" />
  </ItemGroup>
  <ItemGroup>
    <None Include="ASMG_FH22.cam" />
    <None Include="ASMG_FH22.gen" />
    <None Include="ASMG_FH22.hdv" />
    <None Include="ASMG_FH22.rcd" />
    <None Include="ASMG_FH22.sfx" />
    <None Include="ASMG_FH22_Chassis.ini" />
    <None Include="ASMG_FH22_CockpitInfo.ini" />
    <None Include="ASMG_FH22_Damage.ini" />
    <None Include="ASMG_FH22_Engine.ini" />
    <None Include="ASMG_FH22_Gears.ini" />
    <None Include="ASMG_FH22_Spinner.gen" />
    <None Include="WCDRIVER.json" />
    <None Include="upgrades\ASMG_FH22_Upgrades.ini" />
    <None Include="upgrades\F122_AL_14.veh" />
    <None Include="upgrades\F122_AL_31.veh" />
    <None Include="upgrades\F122_AL_BaseMat.json" />
    <None Include="upgrades\F122_AM_05.veh" />
    <None Include="upgrades\F122_AM_18.veh" />
    <None Include="upgrades\F122_AM_BaseMat.json" />
    <None Include="upgrades\F122_AR_24.veh" />
    <None Include="upgrades\F122_AR_77.veh" />
    <None Include="upgrades\F122_AR_BaseMat.json" />
    <None Include="upgrades\F122_AT_10.veh" />
    <None Include="upgrades\F122_AT_22.veh" />
    <None Include="upgrades\F122_AT_BaseMat.json" />
    <None Include="upgrades\F122_FE_16.veh" />
    <None Include="upgrades\F122_FE_55.veh" />
    <None Include="upgrades\F122_FE_BaseMat.json" />
    <None Include="upgrades\F122_HA_20.veh" />
    <None Include="upgrades\F122_HA_47.veh" />
    <None Include="upgrades\F122_HA_BaseMat.json" />
    <None Include="upgrades\F122_MC_03.veh" />
    <None Include="upgrades\F122_MC_04.veh" />
    <None Include="upgrades\F122_MC_BaseMat.json" />
    <None Include="upgrades\F122_ME_44.veh" />
    <None Include="upgrades\F122_ME_63.veh" />
    <None Include="upgrades\F122_ME_BaseMat.json" />
    <None Include="upgrades\F122_RB_01.veh" />
    <None Include="upgrades\F122_RB_11.veh" />
    <None Include="upgrades\F122_RB_BaseMat.json" />
    <None Include="upgrades\F122_WI_06.veh" />
    <None Include="upgrades\F122_WI_23.veh" />
    <None Include="upgrades\F122_WI_BaseMat.json" />
    <None Include="upgrades\TrackConfigsBase.ini" />
    <None Include="tires\F12022_FRONT_C1.TGM" />
    <None Include="tires\F12022_FRONT_C2.TGM" />
    <None Include="tires\F12022_FRONT_C3.TGM" />
    <None Include="tires\F12022_FRONT_C4.TGM" />
    <None Include="tires\F12022_FRONT_C5.TGM" />
    <None Include="tires\F12022_FRONT_INTERMEDIATE.TGM" />
    <None Include="tires\F12022_FRONT_WET.TGM" />
    <None Include="tires\F12022_REAR_C1.TGM" />
    <None Include="tires\F12022_REAR_C2.TGM" />
    <None Include="tires\F12022_REAR_C3.TGM" />
    <None Include="tires\F12022_REAR_C4.TGM" />
    <None Include="tires\F12022_REAR_C5.TGM" />
    <None Include="tires\F12022_REAR_INTERMEDIATE.TGM" />
    <None Include="tires\F12022_REAR_WET.TGM" />
    <None Include="tires\Pirelli_F1-2022_TIRES_C1_C2_C3.TBC" />
    <None Include="tires\Pirelli_F1-2022_TIRES_C2_C3_C4.TBC" />
    <None Include="tires\Pirelli_F1-2022_TIRES_C2_C3_C5.TBC" />
    <None Include="tires\Pirelli_F1-2022_TIRES_C3_C4_C5.TBC" />
    <None Include="tires\TIRES_F1_PIRELLI_TREAD.json" />
    <None Include="tires\TIRES_F1_PIRELLI_TWALL.json" />
    <None Include="tires\TIRES_F1_PIRELLI_TWALL_INSIDE.json" />
    <None Include="ASMG_FH22_Upgrades.ini" />
    <None Include="maps\asmg_fh22_bduct_lf.gmt" />
    <None Include="maps\asmg_fh22_bduct_lr.gmt" />
    <None Include="maps\asmg_fh22_bduct_rf.gmt" />
    <None Include="maps\asmg_fh22_bduct_rr.gmt" />
    <None Include="maps\asmg_fh22_body.gmt" />
    <None Include="maps\asmg_fh22_body_lod1.gmt" />
    <None Include="maps\asmg_fh22_body_lod2.gmt" />
    <None Include="maps\asmg_fh22_body_lod3.gmt" />
    <None Include="maps\asmg_fh22_chassis.gmt" />
    <None Include="maps\asmg_fh22_chassis_antenna.gmt" />
    <None Include="maps\asmg_fh22_chassis_cams.gmt" />
    <None Include="maps\asmg_fh22_chassis_tvcam.gmt" />
    <None Include="maps\asmg_fh22_cockpit_int.gmt" />
    <None Include="maps\asmg_fh22_coll.gmt" />
    <None Include="maps\asmg_fh22_driver.gmt" />
    <None Include="maps\asmg_fh22_exhaust.gmt" />
    <None Include="maps\asmg_fh22_halo.gmt" />
    <None Include="maps\asmg_fh22_halo_t.gmt" />
    <None Include="maps\asmg_fh22_helmet_arai.gmt" />
    <None Include="maps\asmg_fh22_helmet_arai_lod1.gmt" />
    <None Include="maps\asmg_fh22_helmet_arai_lod2.gmt" />
    <None Include="maps\asmg_fh22_helmet_arai_menu.gmt" />
    <None Include="maps\asmg_fh22_helmet_bell.gmt" />
    <None Include="maps\asmg_fh22_helmet_bell_lod1.gmt" />
    <None Include="maps\asmg_fh22_helmet_bell_lod2.gmt" />
    <None Include="maps\asmg_fh22_helmet_bell_menu.gmt" />
    <None Include="maps\asmg_fh22_helmet_rf2s.gmt" />
    <None Include="maps\asmg_fh22_helmet_rf2s_lod1.gmt" />
    <None Include="maps\asmg_fh22_helmet_rf2s_lod2.gmt" />
    <None Include="maps\asmg_fh22_helmet_rf2s_menu.gmt" />
    <None Include="maps\asmg_fh22_helmet_schu.gmt" />
    <None Include="maps\asmg_fh22_helmet_schu_lod1.gmt" />
    <None Include="maps\asmg_fh22_helmet_schu_lod2.gmt" />
    <None Include="maps\asmg_fh22_helmet_schu_menu.gmt" />
    <None Include="maps\asmg_fh22_helmet_stil.gmt" />
    <None Include="maps\asmg_fh22_helmet_stil_lod1.gmt" />
    <None Include="maps\asmg_fh22_helmet_stil_lod2.gmt" />
    <None Include="maps\asmg_fh22_helmet_stil_menu.gmt" />
    <None Include="maps\asmg_fh22_lmirror_ex.gmt" />
    <None Include="maps\asmg_fh22_lmirror_in.gmt" />
    <None Include="maps\asmg_fh22_mirror_l.gmt" />
    <None Include="maps\asmg_fh22_mirror_r.gmt" />
    <None Include="maps\asmg_fh22_rim_cover_in_lf.gmt" />
    <None Include="maps\asmg_fh22_rim_cover_in_rf.gmt" />
    <None Include="maps\asmg_fh22_rim_cover_out_lf.gmt" />
    <None Include="maps\asmg_fh22_rim_cover_out_lr.gmt" />
    <None Include="maps\asmg_fh22_rim_cover_out_rf.gmt" />
    <None Include="maps\asmg_fh22_rim_cover_out_rr.gmt" />
    <None Include="maps\asmg_fh22_rim_lf.gmt" />
    <None Include="maps\asmg_fh22_rim_lf_lod1.gmt" />
    <None Include="maps\asmg_fh22_rim_lf_lod2.gmt" />
    <None Include="maps\asmg_fh22_rim_lf_lod3.gmt" />
    <None Include="maps\asmg_fh22_rim_lr.gmt" />
    <None Include="maps\asmg_fh22_rim_lr_lod1.gmt" />
    <None Include="maps\asmg_fh22_rim_lr_lod2.gmt" />
    <None Include="maps\asmg_fh22_rim_lr_lod3.gmt" />
    <None Include="maps\asmg_fh22_rim_rf.gmt" />
    <None Include="maps\asmg_fh22_rim_rf_lod1.gmt" />
    <None Include="maps\asmg_fh22_rim_rf_lod2.gmt" />
    <None Include="maps\asmg_fh22_rim_rf_lod3.gmt" />
    <None Include="maps\asmg_fh22_rim_rr.gmt" />
    <None Include="maps\asmg_fh22_rim_rr_lod1.gmt" />
    <None Include="maps\asmg_fh22_rim_rr_lod2.gmt" />
    <None Include="maps\asmg_fh22_rim_rr_lod3.gmt" />
    <None Include="maps\asmg_fh22_rlight.gmt" />
    <None Include="maps\asmg_fh22_rmirror_ex.gmt" />
    <None Include="maps\asmg_fh22_rmirror_in.gmt" />
    <None Include="maps\asmg_fh22_screws.gmt" />
    <None Include="maps\asmg_fh22_sidepods.gmt" />
    <None Include="maps\asmg_fh22_sidepods_lod1.gmt" />
    <None Include="maps\asmg_fh22_sidepods_lod2.gmt" />
    <None Include="maps\asmg_fh22_sidepods_lod3.gmt" />
    <None Include="maps\asmg_fh22_steer.anm" />
    <None Include="maps\asmg_fh22_susp_lf.gmt" />
    <None Include="maps\asmg_fh22_susp_lr.gmt" />
    <None Include="maps\asmg_fh22_susp_rf.gmt" />
    <None Include="maps\asmg_fh22_susp_rr.gmt" />
    <None Include="maps\asmg_fh22_swheel_ex.gmt" />
    <None Include="maps\asmg_fh22_swheel_in.gmt" />
    <None Include="maps\asmg_fh22_swheel_in_lcd.gmt" />
    <None Include="maps\asmg_fh22_tire_lf.gmt" />
    <None Include="maps\asmg_fh22_tire_lf_lod1.gmt" />
    <None Include="maps\asmg_fh22_tire_lf_lod2.gmt" />
    <None Include="maps\asmg_fh22_tire_lf_lod3.gmt" />
    <None Include="maps\asmg_fh22_tire_lr.gmt" />
    <None Include="maps\asmg_fh22_tire_lr_lod1.gmt" />
    <None Include="maps\asmg_fh22_tire_lr_lod2.gmt" />
    <None Include="maps\asmg_fh22_tire_lr_lod3.gmt" />
    <None Include="maps\asmg_fh22_tire_rf.gmt" />
    <None Include="maps\asmg_fh22_tire_rf_lod1.gmt" />
    <None Include="maps\asmg_fh22_tire_rf_lod2.gmt" />
    <None Include="maps\asmg_fh22_tire_rf_lod3.gmt" />
    <None Include="maps\asmg_fh22_tire_rr.gmt" />
    <None Include="maps\asmg_fh22_tire_rr_lod1.gmt" />
    <None Include="maps\asmg_fh22_tire_rr_lod2.gmt" />
    <None Include="maps\asmg_fh22_tire_rr_lod3.gmt" />
    <None Include="maps\asmg_fh22_undershadows.gmt" />
    <None Include="maps\asmg_fh22_wing_f.gmt" />
    <None Include="maps\asmg_fh22_wing_f_lod1.gmt" />
    <None Include="maps\asmg_fh22_wing_f_lod2.gmt" />
    <None Include="maps\asmg_fh22_wing_f_lod3.gmt" />
    <None Include="maps\asmg_fh22_wing_r.gmt" />
    <None Include="maps\asmg_fh22_wing_r_drs.gmt" />
    <None Include="maps\asmg_fh22_wing_r_lod1.gmt" />
    <None Include="maps\asmg_fh22_wing_r_lod2.gmt" />
    <None Include="maps\asmg_fh22_wing_r_lod3.gmt" />
    <None Include="maps\asmg_fh22_wing_r_plates.gmt" />
    <None Include="maps\raindrop_desc.json" />
    <None Include="materials\ASMG_FH22_CAM_LENS.json" />
    <None Include="materials\ASMG_FH22_CARBON.json" />
    <None Include="materials\ASMG_FH22_COCKPIT_STICKER.json" />
    <None Include="materials\ASMG_FH22_EXHAUST.json" />
    <None Include="materials\ASMG_FH22_HELMET_GLASS.json" />
    <None Include="materials\ASMG_FH22_METAL_CHROME.json" />
    <None Include="materials\ASMG_FH22_METAL_DARK.json" />
    <None Include="materials\ASMG_FH22_METAL_GREY.json" />
    <None Include="materials\ASMG_FH22_METAL_RED.json" />
    <None Include="materials\ASMG_FH22_RLIGHTS.json" />
    <None Include="materials\ASMG_FH22_SCREWS.json" />
    <None Include="materials\ASMG_FH22_SUEDE_BEIGE.json" />
    <None Include="materials\ASMG_FH22_SWHEEL_CHROME.json" />
    <None Include="materials\ASMG_FH22_SWHEEL_GOLD.json" />
    <None Include="materials\ASMG_FH22_SWHEEL_INT.json" />
    <None Include="materials\ASMG_FH22_SWHEEL_LCD.json" />
    <None Include="materials\ASMG_FH22_SWHEEL_PLASTIC.json" />
    <None Include="materials\ASMG_FH22_SWHEEL_RUBBER.json" />
    <None Include="materials\EXTERIOR_MIRRORS.json" />
    <None Include="materials\MIRROR.json" />
    <None Include="materials\raindrop_desc.json" />
    <None Include="materials\RSS_F1_2020_HELMET_GLASS.json" />
    <None Include="materials\WCDRIVER.json" />
    <None Include="materials\WCEXTRA1.json" />
    <None Include="materials\WCEXTRA2.json" />
    <None Include="materials\WCEXTRA6.json" />
    <None Include="materials\WCEXTRA7.json" />
    <None Include="materials\WCEXTRA8.json" />
    <None Include="materials\WCEXTRA9.json" />
    <None Include="materials\WCSWHEEL.json" />
    <None Include="teams\F122_AL\F122_AL_14.veh" />
    <None Include="teams\F122_AL\F122_AL_31.veh" />
    <None Include="teams\F122_AL\F122_AL_BaseMat.json" />
    <None Include="teams\F122_AM\F122_AM_05.veh" />
    <None Include="teams\F122_AM\F122_AM_18.veh" />
    <None Include="teams\F122_AM\F122_AM_BaseMat.json" />
    <None Include="teams\F122_AR\F122_AR_24.veh" />
    <None Include="teams\F122_AR\F122_AR_77.veh" />
    <None Include="teams\F122_AR\F122_AR_BaseMat.json" />
    <None Include="teams\F122_AT\F122_AT_10.veh" />
    <None Include="teams\F122_AT\F122_AT_22.veh" />
    <None Include="teams\F122_AT\F122_AT_BaseMat.json" />
    <None Include="teams\F122_FE\F122_FE_16.veh" />
    <None Include="teams\F122_FE\F122_FE_55.veh" />
    <None Include="teams\F122_FE\F122_FE_BaseMat.json" />
    <None Include="teams\F122_HA\F122_HA_20.veh" />
    <None Include="teams\F122_HA\F122_HA_47.veh" />
    <None Include="teams\F122_HA\F122_HA_BaseMat.json" />
    <None Include="teams\F122_MC\F122_MC_03.veh" />
    <None Include="teams\F122_MC\F122_MC_04.veh" />
    <None Include="teams\F122_MC\F122_MC_BaseMat.json" />
    <None Include="teams\F122_ME\F122_ME_44.veh" />
    <None Include="teams\F122_ME\F122_ME_63.veh" />
    <None Include="teams\F122_ME\F122_ME_BaseMat.json" />
    <None Include="teams\F122_RB\F122_RB_01.veh" />
    <None Include="teams\F122_RB\F122_RB_11.veh" />
    <None Include="teams\F122_RB\F122_RB_BaseMat.json" />
    <None Include="teams\F122_WI\F122_WI_06.veh" />
    <None Include="teams\F122_WI\F122_WI_23.veh" />
    <None Include="teams\F122_WI\F122_WI_BaseMat.json" />
    <None Include="build.bat">
      <Filter>Source Files</Filter>
    </None>
    <None Include="ASMG_F1_2022.rfbuild" />
    <None Include="ASMG_FH22_HONDA1.hdv" />
    <None Include="teams\F22_CORONA\F122_Corona_91.pdn" />
    <None Include="teams\F22_CORONA\F122_Corona_91.veh" />
    <None Include="teams\F22_CORONA\F122_Corona_91_Layers.pdn" />
    <None Include="teams\F22_CORONA\F122_Corona_91-icon-2048x1152.pdn" />
    <None Include="teams\F22_CORONA\F122_Corona_BaseMats.json" />
    <None Include="teams\F22_CORONA\F122_Corona_91HelmetNew.pdn" />
  </ItemGroup>
  <ItemGroup>
    <Text Include="upgrades\F122_AM_05.txt" />
    <Text Include="upgrades\F122_AM_18.txt" />
    <Text Include="teams\F122_AM\F122_AM_05.txt" />
    <Text Include="teams\F122_AM\F122_AM_18.txt" />
    <Text Include="teams\F22_CORONA\F122_Corona_91.txt" />
  </ItemGroup>
  <ItemGroup>
    <Media Include="sounds\Formula_Hybrid_22_backfire01_ex.wav">
      <Filter>Resource Files</Filter>
    </Media>
    <Media Include="sounds\Formula_Hybrid_22_backfire01_in.wav">
      <Filter>Resource Files</Filter>
    </Media>
    <Media Include="sounds\Formula_Hybrid_22_backfire02_ex.wav">
      <Filter>Resource Files</Filter>
    </Media>
    <Media Include="sounds\Formula_Hybrid_22_backfire02_in.wav">
      <Filter>Resource Files</Filter>
    </Media>
    <Media Include="sounds\Formula_Hybrid_22_backfire03_ex.wav">
      <Filter>Resource Files</Filter>
    </Media>
    <Media Include="sounds\Formula_Hybrid_22_brakes_high_ex.wav">
      <Filter>Resource Files</Filter>
    </Media>
    <Media Include="sounds\Formula_Hybrid_22_brakes_high_in.wav">
      <Filter>Resource Files</Filter>
    </Media>
    <Media Include="sounds\Formula_Hybrid_22_brakes_low_ex.wav">
      <Filter>Resource Files</Filter>
    </Media>
    <Media Include="sounds\Formula_Hybrid_22_brakes_low_in.wav">
      <Filter>Resource Files</Filter>
    </Media>
    <Media Include="sounds\Formula_Hybrid_22_ex_downshift_1.wav">
      <Filter>Resource Files</Filter>
    </Media>
    <Media Include="sounds\Formula_Hybrid_22_ex_downshift_2.wav">
      <Filter>Resource Files</Filter>
    </Media>
    <Media Include="sounds\Formula_Hybrid_22_ex_downshift_3.wav">
      <Filter>Resource Files</Filter>
    </Media>
    <Media Include="sounds\Formula_Hybrid_22_ex_idle.wav">
      <Filter>Resource Files</Filter>
    </Media>
    <Media Include="sounds\Formula_Hybrid_22_ex_off_low.wav">
      <Filter>Resource Files</Filter>
    </Media>
    <Media Include="sounds\Formula_Hybrid_22_ex_off_mid.wav">
      <Filter>Resource Files</Filter>
    </Media>
    <Media Include="sounds\Formula_Hybrid_22_ex_on_high.wav">
      <Filter>Resource Files</Filter>
    </Media>
    <Media Include="sounds\Formula_Hybrid_22_ex_on_low.wav">
      <Filter>Resource Files</Filter>
    </Media>
    <Media Include="sounds\Formula_Hybrid_22_ex_on_mid.wav">
      <Filter>Resource Files</Filter>
    </Media>
    <Media Include="sounds\Formula_Hybrid_22_ex_startup.wav">
      <Filter>Resource Files</Filter>
    </Media>
    <Media Include="sounds\Formula_Hybrid_22_ex_upshift_1.wav">
      <Filter>Resource Files</Filter>
    </Media>
    <Media Include="sounds\Formula_Hybrid_22_ex_upshift_2.wav">
      <Filter>Resource Files</Filter>
    </Media>
    <Media Include="sounds\Formula_Hybrid_22_ex_upshift_3.wav">
      <Filter>Resource Files</Filter>
    </Media>
    <Media Include="sounds\Formula_Hybrid_22_in_downshift_1.wav">
      <Filter>Resource Files</Filter>
    </Media>
    <Media Include="sounds\Formula_Hybrid_22_in_downshift_2.wav">
      <Filter>Resource Files</Filter>
    </Media>
    <Media Include="sounds\Formula_Hybrid_22_in_downshift_3.wav">
      <Filter>Resource Files</Filter>
    </Media>
    <Media Include="sounds\Formula_Hybrid_22_in_idle.wav">
      <Filter>Resource Files</Filter>
    </Media>
    <Media Include="sounds\Formula_Hybrid_22_in_off_high.wav">
      <Filter>Resource Files</Filter>
    </Media>
    <Media Include="sounds\Formula_Hybrid_22_in_off_low.wav">
      <Filter>Resource Files</Filter>
    </Media>
    <Media Include="sounds\Formula_Hybrid_22_in_off_mid.wav">
      <Filter>Resource Files</Filter>
    </Media>
    <Media Include="sounds\Formula_Hybrid_22_in_on_high.wav">
      <Filter>Resource Files</Filter>
    </Media>
    <Media Include="sounds\Formula_Hybrid_22_in_on_low.wav">
      <Filter>Resource Files</Filter>
    </Media>
    <Media Include="sounds\Formula_Hybrid_22_in_on_mid.wav">
      <Filter>Resource Files</Filter>
    </Media>
    <Media Include="sounds\Formula_Hybrid_22_in_startup.wav">
      <Filter>Resource Files</Filter>
    </Media>
    <Media Include="sounds\Formula_Hybrid_22_in_upshift_1.wav">
      <Filter>Resource Files</Filter>
    </Media>
    <Media Include="sounds\Formula_Hybrid_22_in_upshift_2.wav">
      <Filter>Resource Files</Filter>
    </Media>
    <Media Include="sounds\Formula_Hybrid_22_in_upshift_3.wav">
      <Filter>Resource Files</Filter>
    </Media>
    <Media Include="sounds\Formula_Hybrid_22_limiter_on_off.wav">
      <Filter>Resource Files</Filter>
    </Media>
    <Media Include="sounds\Formula_Hybrid_22_tc_ex.wav">
      <Filter>Resource Files</Filter>
    </Media>
    <Media Include="sounds\Formula_Hybrid_22_tc_in.wav">
      <Filter>Resource Files</Filter>
    </Media>
    <Media Include="sounds\Formula_Hybrid_22_trans_in_off_low.wav">
      <Filter>Resource Files</Filter>
    </Media>
    <Media Include="sounds\Formula_Hybrid_22_trans_in_off_mid.wav">
      <Filter>Resource Files</Filter>
    </Media>
    <Media Include="sounds\Formula_Hybrid_22_trans_in_on_high.wav">
      <Filter>Resource Files</Filter>
    </Media>
    <Media Include="sounds\Formula_Hybrid_22_trans_in_on_mid_wobble.wav">
      <Filter>Resource Files</Filter>
    </Media>
    <Media Include="sounds\Formula_Hybrid_22_wind_ex.wav">
      <Filter>Resource Files</Filter>
    </Media>
    <Media Include="sounds\Formula_Hybrid_22_wind_in.wav">
      <Filter>Resource Files</Filter>
    </Media>
  </ItemGroup>
</Project>